// !$*UTF8*$!
{
	archiveVersion = 1;
	classes = {
	};
	objectVersion = 51;
	objects = {

/* Begin PBXBuildFile section */
		91941EC12624243E0062BF1D /* AppDelegate.swift in Sources */ = {isa = PBXBuildFile; fileRef = 91941EC02624243E0062BF1D /* AppDelegate.swift */; };
		91941EC32624243E0062BF1D /* SceneDelegate.swift in Sources */ = {isa = PBXBuildFile; fileRef = 91941EC22624243E0062BF1D /* SceneDelegate.swift */; };
		91941EC52624243E0062BF1D /* ViewController.swift in Sources */ = {isa = PBXBuildFile; fileRef = 91941EC42624243E0062BF1D /* ViewController.swift */; };
		91941EC82624243E0062BF1D /* Main.storyboard in Resources */ = {isa = PBXBuildFile; fileRef = 91941EC62624243E0062BF1D /* Main.storyboard */; };
		91941ECA2624243E0062BF1D /* Assets.xcassets in Resources */ = {isa = PBXBuildFile; fileRef = 91941EC92624243E0062BF1D /* Assets.xcassets */; };
		91941ECD2624243E0062BF1D /* LaunchScreen.storyboard in Resources */ = {isa = PBXBuildFile; fileRef = 91941ECB2624243E0062BF1D /* LaunchScreen.storyboard */; };
		91941EE42624282E0062BF1D /* SoraSDKManager.swift in Sources */ = {isa = PBXBuildFile; fileRef = 91941EE12624282E0062BF1D /* SoraSDKManager.swift */; };
		91941EE52624282E0062BF1D /* ConfigViewController.swift in Sources */ = {isa = PBXBuildFile; fileRef = 91941EE22624282E0062BF1D /* ConfigViewController.swift */; };
		91941EE62624282E0062BF1D /* VideoChatRoomViewController.swift in Sources */ = {isa = PBXBuildFile; fileRef = 91941EE32624282E0062BF1D /* VideoChatRoomViewController.swift */; };
/* End PBXBuildFile section */

/* Begin PBXFileReference section */
		91941EBD2624243E0062BF1D /* SoraLaboSample.app */ = {isa = PBXFileReference; explicitFileType = wrapper.application; includeInIndex = 0; path = SoraLaboSample.app; sourceTree = BUILT_PRODUCTS_DIR; };
		91941EC02624243E0062BF1D /* AppDelegate.swift */ = {isa = PBXFileReference; lastKnownFileType = sourcecode.swift; path = AppDelegate.swift; sourceTree = "<group>"; };
		91941EC22624243E0062BF1D /* SceneDelegate.swift */ = {isa = PBXFileReference; lastKnownFileType = sourcecode.swift; path = SceneDelegate.swift; sourceTree = "<group>"; };
		91941EC42624243E0062BF1D /* ViewController.swift */ = {isa = PBXFileReference; lastKnownFileType = sourcecode.swift; path = ViewController.swift; sourceTree = "<group>"; };
		91941EC72624243E0062BF1D /* Base */ = {isa = PBXFileReference; lastKnownFileType = file.storyboard; name = Base; path = Base.lproj/Main.storyboard; sourceTree = "<group>"; };
		91941EC92624243E0062BF1D /* Assets.xcassets */ = {isa = PBXFileReference; lastKnownFileType = folder.assetcatalog; path = Assets.xcassets; sourceTree = "<group>"; };
		91941ECC2624243E0062BF1D /* Base */ = {isa = PBXFileReference; lastKnownFileType = file.storyboard; name = Base; path = Base.lproj/LaunchScreen.storyboard; sourceTree = "<group>"; };
		91941ECE2624243E0062BF1D /* Info.plist */ = {isa = PBXFileReference; lastKnownFileType = text.plist.xml; path = Info.plist; sourceTree = "<group>"; };
		91941EE12624282E0062BF1D /* SoraSDKManager.swift */ = {isa = PBXFileReference; fileEncoding = 4; lastKnownFileType = sourcecode.swift; path = SoraSDKManager.swift; sourceTree = "<group>"; };
		91941EE22624282E0062BF1D /* ConfigViewController.swift */ = {isa = PBXFileReference; fileEncoding = 4; lastKnownFileType = sourcecode.swift; path = ConfigViewController.swift; sourceTree = "<group>"; };
		91941EE32624282E0062BF1D /* VideoChatRoomViewController.swift */ = {isa = PBXFileReference; fileEncoding = 4; lastKnownFileType = sourcecode.swift; path = VideoChatRoomViewController.swift; sourceTree = "<group>"; };
/* End PBXFileReference section */

/* Begin PBXFrameworksBuildPhase section */
		91941EBA2624243E0062BF1D /* Frameworks */ = {
			isa = PBXFrameworksBuildPhase;
			buildActionMask = 2147483647;
			files = (
			);
			runOnlyForDeploymentPostprocessing = 0;
		};
/* End PBXFrameworksBuildPhase section */

/* Begin PBXGroup section */
		91941EB42624243E0062BF1D = {
			isa = PBXGroup;
			children = (
				91941EBF2624243E0062BF1D /* SoraLaboSample */,
				91941EBE2624243E0062BF1D /* Products */,
			);
			sourceTree = "<group>";
		};
		91941EBE2624243E0062BF1D /* Products */ = {
			isa = PBXGroup;
			children = (
				91941EBD2624243E0062BF1D /* SoraLaboSample.app */,
			);
			name = Products;
			sourceTree = "<group>";
		};
		91941EBF2624243E0062BF1D /* SoraLaboSample */ = {
			isa = PBXGroup;
			children = (
				91941EE0262427E50062BF1D /* Classes */,
				91941EC02624243E0062BF1D /* AppDelegate.swift */,
				91941EC22624243E0062BF1D /* SceneDelegate.swift */,
				91941EC42624243E0062BF1D /* ViewController.swift */,
				91941EC62624243E0062BF1D /* Main.storyboard */,
				91941EC92624243E0062BF1D /* Assets.xcassets */,
				91941ECB2624243E0062BF1D /* LaunchScreen.storyboard */,
				91941ECE2624243E0062BF1D /* Info.plist */,
			);
			path = SoraLaboSample;
			sourceTree = "<group>";
		};
		91941EE0262427E50062BF1D /* Classes */ = {
			isa = PBXGroup;
			children = (
				91941EE22624282E0062BF1D /* ConfigViewController.swift */,
				91941EE12624282E0062BF1D /* SoraSDKManager.swift */,
				91941EE32624282E0062BF1D /* VideoChatRoomViewController.swift */,
			);
			path = Classes;
			sourceTree = "<group>";
		};
/* End PBXGroup section */

/* Begin PBXNativeTarget section */
		91941EBC2624243E0062BF1D /* SoraLaboSample */ = {
			isa = PBXNativeTarget;
			buildConfigurationList = 91941ED12624243E0062BF1D /* Build configuration list for PBXNativeTarget "SoraLaboSample" */;
			buildPhases = (
				91941EB92624243E0062BF1D /* Sources */,
				91941EBA2624243E0062BF1D /* Frameworks */,
				91941EBB2624243E0062BF1D /* Resources */,
			);
			buildRules = (
			);
			dependencies = (
			);
			name = SoraLaboSample;
			productName = SoraLaboSample;
			productReference = 91941EBD2624243E0062BF1D /* SoraLaboSample.app */;
			productType = "com.apple.product-type.application";
		};
/* End PBXNativeTarget section */

/* Begin PBXProject section */
		91941EB52624243E0062BF1D /* Project object */ = {
			isa = PBXProject;
			attributes = {
				LastSwiftUpdateCheck = 1240;
				LastUpgradeCheck = 1240;
				TargetAttributes = {
					91941EBC2624243E0062BF1D = {
						CreatedOnToolsVersion = 12.4;
					};
				};
			};
			buildConfigurationList = 91941EB82624243E0062BF1D /* Build configuration list for PBXProject "SoraLaboSample" */;
			compatibilityVersion = "Xcode 9.3";
			developmentRegion = en;
			hasScannedForEncodings = 0;
			knownRegions = (
				en,
				Base,
			);
			mainGroup = 91941EB42624243E0062BF1D;
			productRefGroup = 91941EBE2624243E0062BF1D /* Products */;
			projectDirPath = "";
			projectRoot = "";
			targets = (
				91941EBC2624243E0062BF1D /* SoraLaboSample */,
			);
		};
/* End PBXProject section */

/* Begin PBXResourcesBuildPhase section */
		91941EBB2624243E0062BF1D /* Resources */ = {
			isa = PBXResourcesBuildPhase;
			buildActionMask = 2147483647;
			files = (
				91941ECD2624243E0062BF1D /* LaunchScreen.storyboard in Resources */,
				91941ECA2624243E0062BF1D /* Assets.xcassets in Resources */,
				91941EC82624243E0062BF1D /* Main.storyboard in Resources */,
			);
			runOnlyForDeploymentPostprocessing = 0;
		};
/* End PBXResourcesBuildPhase section */

/* Begin PBXSourcesBuildPhase section */
		91941EB92624243E0062BF1D /* Sources */ = {
			isa = PBXSourcesBuildPhase;
			buildActionMask = 2147483647;
			files = (
				91941EC52624243E0062BF1D /* ViewController.swift in Sources */,
				91941EE62624282E0062BF1D /* VideoChatRoomViewController.swift in Sources */,
				91941EE42624282E0062BF1D /* SoraSDKManager.swift in Sources */,
				91941EC12624243E0062BF1D /* AppDelegate.swift in Sources */,
				91941EE52624282E0062BF1D /* ConfigViewController.swift in Sources */,
				91941EC32624243E0062BF1D /* SceneDelegate.swift in Sources */,
			);
			runOnlyForDeploymentPostprocessing = 0;
		};
/* End PBXSourcesBuildPhase section */

/* Begin PBXVariantGroup section */
		91941EC62624243E0062BF1D /* Main.storyboard */ = {
			isa = PBXVariantGroup;
			children = (
				91941EC72624243E0062BF1D /* Base */,
			);
			name = Main.storyboard;
			sourceTree = "<group>";
		};
		91941ECB2624243E0062BF1D /* LaunchScreen.storyboard */ = {
			isa = PBXVariantGroup;
			children = (
				91941ECC2624243E0062BF1D /* Base */,
			);
			name = LaunchScreen.storyboard;
			sourceTree = "<group>";
		};
/* End PBXVariantGroup section */

/* Begin XCBuildConfiguration section */
		91941ECF2624243E0062BF1D /* Debug */ = {
			isa = XCBuildConfiguration;
			buildSettings = {
				ALWAYS_SEARCH_USER_PATHS = NO;
				CLANG_ANALYZER_NONNULL = YES;
				CLANG_ANALYZER_NUMBER_OBJECT_CONVERSION = YES_AGGRESSIVE;
				CLANG_CXX_LANGUAGE_STANDARD = "gnu++14";
				CLANG_CXX_LIBRARY = "libc++";
				CLANG_ENABLE_MODULES = YES;
				CLANG_ENABLE_OBJC_ARC = YES;
				CLANG_ENABLE_OBJC_WEAK = YES;
				CLANG_WARN_BLOCK_CAPTURE_AUTORELEASING = YES;
				CLANG_WARN_BOOL_CONVERSION = YES;
				CLANG_WARN_COMMA = YES;
				CLANG_WARN_CONSTANT_CONVERSION = YES;
				CLANG_WARN_DEPRECATED_OBJC_IMPLEMENTATIONS = YES;
				CLANG_WARN_DIRECT_OBJC_ISA_USAGE = YES_ERROR;
				CLANG_WARN_DOCUMENTATION_COMMENTS = YES;
				CLANG_WARN_EMPTY_BODY = YES;
				CLANG_WARN_ENUM_CONVERSION = YES;
				CLANG_WARN_INFINITE_RECURSION = YES;
				CLANG_WARN_INT_CONVERSION = YES;
				CLANG_WARN_NON_LITERAL_NULL_CONVERSION = YES;
				CLANG_WARN_OBJC_IMPLICIT_RETAIN_SELF = YES;
				CLANG_WARN_OBJC_LITERAL_CONVERSION = YES;
				CLANG_WARN_OBJC_ROOT_CLASS = YES_ERROR;
				CLANG_WARN_QUOTED_INCLUDE_IN_FRAMEWORK_HEADER = YES;
				CLANG_WARN_RANGE_LOOP_ANALYSIS = YES;
				CLANG_WARN_STRICT_PROTOTYPES = YES;
				CLANG_WARN_SUSPICIOUS_MOVE = YES;
				CLANG_WARN_UNGUARDED_AVAILABILITY = YES_AGGRESSIVE;
				CLANG_WARN_UNREACHABLE_CODE = YES;
				CLANG_WARN__DUPLICATE_METHOD_MATCH = YES;
				COPY_PHASE_STRIP = NO;
				DEBUG_INFORMATION_FORMAT = dwarf;
				ENABLE_STRICT_OBJC_MSGSEND = YES;
				ENABLE_TESTABILITY = YES;
				GCC_C_LANGUAGE_STANDARD = gnu11;
				GCC_DYNAMIC_NO_PIC = NO;
				GCC_NO_COMMON_BLOCKS = YES;
				GCC_OPTIMIZATION_LEVEL = 0;
				GCC_PREPROCESSOR_DEFINITIONS = (
					"DEBUG=1",
					"$(inherited)",
				);
				GCC_WARN_64_TO_32_BIT_CONVERSION = YES;
				GCC_WARN_ABOUT_RETURN_TYPE = YES_ERROR;
				GCC_WARN_UNDECLARED_SELECTOR = YES;
				GCC_WARN_UNINITIALIZED_AUTOS = YES_AGGRESSIVE;
				GCC_WARN_UNUSED_FUNCTION = YES;
				GCC_WARN_UNUSED_VARIABLE = YES;
				IPHONEOS_DEPLOYMENT_TARGET = 14.4;
				MTL_ENABLE_DEBUG_INFO = INCLUDE_SOURCE;
				MTL_FAST_MATH = YES;
				ONLY_ACTIVE_ARCH = YES;
				SDKROOT = iphoneos;
				SWIFT_ACTIVE_COMPILATION_CONDITIONS = DEBUG;
				SWIFT_OPTIMIZATION_LEVEL = "-Onone";
			};
			name = Debug;
		};
		91941ED02624243E0062BF1D /* Release */ = {
			isa = XCBuildConfiguration;
			buildSettings = {
				ALWAYS_SEARCH_USER_PATHS = NO;
				CLANG_ANALYZER_NONNULL = YES;
				CLANG_ANALYZER_NUMBER_OBJECT_CONVERSION = YES_AGGRESSIVE;
				CLANG_CXX_LANGUAGE_STANDARD = "gnu++14";
				CLANG_CXX_LIBRARY = "libc++";
				CLANG_ENABLE_MODULES = YES;
				CLANG_ENABLE_OBJC_ARC = YES;
				CLANG_ENABLE_OBJC_WEAK = YES;
				CLANG_WARN_BLOCK_CAPTURE_AUTORELEASING = YES;
				CLANG_WARN_BOOL_CONVERSION = YES;
				CLANG_WARN_COMMA = YES;
				CLANG_WARN_CONSTANT_CONVERSION = YES;
				CLANG_WARN_DEPRECATED_OBJC_IMPLEMENTATIONS = YES;
				CLANG_WARN_DIRECT_OBJC_ISA_USAGE = YES_ERROR;
				CLANG_WARN_DOCUMENTATION_COMMENTS = YES;
				CLANG_WARN_EMPTY_BODY = YES;
				CLANG_WARN_ENUM_CONVERSION = YES;
				CLANG_WARN_INFINITE_RECURSION = YES;
				CLANG_WARN_INT_CONVERSION = YES;
				CLANG_WARN_NON_LITERAL_NULL_CONVERSION = YES;
				CLANG_WARN_OBJC_IMPLICIT_RETAIN_SELF = YES;
				CLANG_WARN_OBJC_LITERAL_CONVERSION = YES;
				CLANG_WARN_OBJC_ROOT_CLASS = YES_ERROR;
				CLANG_WARN_QUOTED_INCLUDE_IN_FRAMEWORK_HEADER = YES;
				CLANG_WARN_RANGE_LOOP_ANALYSIS = YES;
				CLANG_WARN_STRICT_PROTOTYPES = YES;
				CLANG_WARN_SUSPICIOUS_MOVE = YES;
				CLANG_WARN_UNGUARDED_AVAILABILITY = YES_AGGRESSIVE;
				CLANG_WARN_UNREACHABLE_CODE = YES;
				CLANG_WARN__DUPLICATE_METHOD_MATCH = YES;
				COPY_PHASE_STRIP = NO;
				DEBUG_INFORMATION_FORMAT = "dwarf-with-dsym";
				ENABLE_NS_ASSERTIONS = NO;
				ENABLE_STRICT_OBJC_MSGSEND = YES;
				GCC_C_LANGUAGE_STANDARD = gnu11;
				GCC_NO_COMMON_BLOCKS = YES;
				GCC_WARN_64_TO_32_BIT_CONVERSION = YES;
				GCC_WARN_ABOUT_RETURN_TYPE = YES_ERROR;
				GCC_WARN_UNDECLARED_SELECTOR = YES;
				GCC_WARN_UNINITIALIZED_AUTOS = YES_AGGRESSIVE;
				GCC_WARN_UNUSED_FUNCTION = YES;
				GCC_WARN_UNUSED_VARIABLE = YES;
				IPHONEOS_DEPLOYMENT_TARGET = 14.4;
				MTL_ENABLE_DEBUG_INFO = NO;
				MTL_FAST_MATH = YES;
				SDKROOT = iphoneos;
				SWIFT_COMPILATION_MODE = wholemodule;
				SWIFT_OPTIMIZATION_LEVEL = "-O";
				VALIDATE_PRODUCT = YES;
			};
			name = Release;
		};
		91941ED22624243E0062BF1D /* Debug */ = {
			isa = XCBuildConfiguration;
			baseConfigurationReference = 79440B9266C61EF882326913 /* Pods-SoraLaboSample.debug.xcconfig */;
			buildSettings = {
				ASSETCATALOG_COMPILER_APPICON_NAME = AppIcon;
				ASSETCATALOG_COMPILER_GLOBAL_ACCENT_COLOR_NAME = AccentColor;
				CODE_SIGN_STYLE = Automatic;
				DEVELOPMENT_TEAM = DQ232CBKHS;
				INFOPLIST_FILE = SoraLaboSample/Info.plist;
				LD_RUNPATH_SEARCH_PATHS = (
					"$(inherited)",
					"@executable_path/Frameworks",
				);
				PRODUCT_BUNDLE_IDENTIFIER = jp.shiguredo.sora.sdk.samples.SoraLaboSample;
				PRODUCT_NAME = "$(TARGET_NAME)";
				SWIFT_VERSION = 5.0;
				TARGETED_DEVICE_FAMILY = "1,2";
			};
			name = Debug;
		};
		91941ED32624243E0062BF1D /* Release */ = {
			isa = XCBuildConfiguration;
			baseConfigurationReference = 070EE58DA579F33DEE8ED461 /* Pods-SoraLaboSample.release.xcconfig */;
			buildSettings = {
				ASSETCATALOG_COMPILER_APPICON_NAME = AppIcon;
				ASSETCATALOG_COMPILER_GLOBAL_ACCENT_COLOR_NAME = AccentColor;
				CODE_SIGN_STYLE = Automatic;
				DEVELOPMENT_TEAM = DQ232CBKHS;
				INFOPLIST_FILE = SoraLaboSample/Info.plist;
				LD_RUNPATH_SEARCH_PATHS = (
					"$(inherited)",
					"@executable_path/Frameworks",
				);
				PRODUCT_BUNDLE_IDENTIFIER = jp.shiguredo.sora.sdk.samples.SoraLaboSample;
				PRODUCT_NAME = "$(TARGET_NAME)";
				SWIFT_VERSION = 5.0;
				TARGETED_DEVICE_FAMILY = "1,2";
			};
			name = Release;
		};
/* End XCBuildConfiguration section */

/* Begin XCConfigurationList section */
		91941EB82624243E0062BF1D /* Build configuration list for PBXProject "SoraLaboSample" */ = {
			isa = XCConfigurationList;
			buildConfigurations = (
				91941ECF2624243E0062BF1D /* Debug */,
				91941ED02624243E0062BF1D /* Release */,
			);
			defaultConfigurationIsVisible = 0;
			defaultConfigurationName = Release;
		};
		91941ED12624243E0062BF1D /* Build configuration list for PBXNativeTarget "SoraLaboSample" */ = {
			isa = XCConfigurationList;
			buildConfigurations = (
				91941ED22624243E0062BF1D /* Debug */,
				91941ED32624243E0062BF1D /* Release */,
			);
			defaultConfigurationIsVisible = 0;
			defaultConfigurationName = Release;
		};
/* End XCConfigurationList section */
	};
	rootObject = 91941EB52624243E0062BF1D /* Project object */;
}
