// !$*UTF8*$!
{
	archiveVersion = 1;
	classes = {
	};
	objectVersion = 54;
	objects = {

/* Begin PBXBuildFile section */
		35DC8E9627A38699000B0ED7 /* Environment.swift in Sources */ = {isa = PBXBuildFile; fileRef = 35DC8E9527A38699000B0ED7 /* Environment.swift */; };
		9120C49E23B3502B0026176E /* AppDelegate.swift in Sources */ = {isa = PBXBuildFile; fileRef = 9120C49D23B3502B0026176E /* AppDelegate.swift */; };
		9120C4A523B3502B0026176E /* Main.storyboard in Resources */ = {isa = PBXBuildFile; fileRef = 9120C4A323B3502B0026176E /* Main.storyboard */; };
		9120C4A723B3502C0026176E /* Assets.xcassets in Resources */ = {isa = PBXBuildFile; fileRef = 9120C4A623B3502C0026176E /* Assets.xcassets */; };
		9120C4AA23B3502C0026176E /* LaunchScreen.storyboard in Resources */ = {isa = PBXBuildFile; fileRef = 9120C4A823B3502C0026176E /* LaunchScreen.storyboard */; };
		9120C4BE23B3505A0026176E /* LaunchScreen.storyboard in Resources */ = {isa = PBXBuildFile; fileRef = 9120C4B223B3505A0026176E /* LaunchScreen.storyboard */; };
		9120C4BF23B3505A0026176E /* Main.storyboard in Resources */ = {isa = PBXBuildFile; fileRef = 9120C4B423B3505A0026176E /* Main.storyboard */; };
		9120C4C023B3505A0026176E /* AVCaptureVideoOrientation+Extension.swift in Sources */ = {isa = PBXBuildFile; fileRef = 9120C4B723B3505A0026176E /* AVCaptureVideoOrientation+Extension.swift */; };
		9120C4C123B3505A0026176E /* AVCaptureVideoPreviewView.swift in Sources */ = {isa = PBXBuildFile; fileRef = 9120C4B823B3505A0026176E /* AVCaptureVideoPreviewView.swift */; };
		9120C4C223B3505A0026176E /* PublisherConfigViewController.swift in Sources */ = {isa = PBXBuildFile; fileRef = 9120C4B923B3505A0026176E /* PublisherConfigViewController.swift */; };
		9120C4C323B3505A0026176E /* PublisherVideoViewController.swift in Sources */ = {isa = PBXBuildFile; fileRef = 9120C4BA23B3505A0026176E /* PublisherVideoViewController.swift */; };
		9120C4C423B3505A0026176E /* SoraSDKManager.swift in Sources */ = {isa = PBXBuildFile; fileRef = 9120C4BB23B3505A0026176E /* SoraSDKManager.swift */; };
		9120C4C523B3505A0026176E /* Assets.xcassets in Resources */ = {isa = PBXBuildFile; fileRef = 9120C4BC23B3505A0026176E /* Assets.xcassets */; };
		9120C4C623B3505A0026176E /* InfoPlist.strings in Resources */ = {isa = PBXBuildFile; fileRef = 9120C4BD23B3505A0026176E /* InfoPlist.strings */; };
		B3CDDD4F2D5DF8AA002E4981 /* Sora in Frameworks */ = {isa = PBXBuildFile; productRef = B3CDDD4E2D5DF8AA002E4981 /* Sora */; };
		B3CDDD512D5DF8AA002E4981 /* WebRTC in Frameworks */ = {isa = PBXBuildFile; productRef = B3CDDD502D5DF8AA002E4981 /* WebRTC */; };
/* End PBXBuildFile section */

/* Begin PBXFileReference section */
		35DC8E9527A38699000B0ED7 /* Environment.swift */ = {isa = PBXFileReference; fileEncoding = 4; lastKnownFileType = sourcecode.swift; path = Environment.swift; sourceTree = "<group>"; };
		9120C49A23B3502B0026176E /* DecoStreamingSample.app */ = {isa = PBXFileReference; explicitFileType = wrapper.application; includeInIndex = 0; path = DecoStreamingSample.app; sourceTree = BUILT_PRODUCTS_DIR; };
		9120C49D23B3502B0026176E /* AppDelegate.swift */ = {isa = PBXFileReference; lastKnownFileType = sourcecode.swift; path = AppDelegate.swift; sourceTree = "<group>"; };
		9120C4A423B3502B0026176E /* Base */ = {isa = PBXFileReference; lastKnownFileType = file.storyboard; name = Base; path = Base.lproj/Main.storyboard; sourceTree = "<group>"; };
		9120C4A623B3502C0026176E /* Assets.xcassets */ = {isa = PBXFileReference; lastKnownFileType = folder.assetcatalog; path = Assets.xcassets; sourceTree = "<group>"; };
		9120C4A923B3502C0026176E /* Base */ = {isa = PBXFileReference; lastKnownFileType = file.storyboard; name = Base; path = Base.lproj/LaunchScreen.storyboard; sourceTree = "<group>"; };
		9120C4AB23B3502C0026176E /* Info.plist */ = {isa = PBXFileReference; lastKnownFileType = text.plist.xml; path = Info.plist; sourceTree = "<group>"; };
		9120C4B323B3505A0026176E /* Base */ = {isa = PBXFileReference; lastKnownFileType = file.storyboard; name = Base; path = LaunchScreen.storyboard; sourceTree = "<group>"; };
		9120C4B523B3505A0026176E /* Base */ = {isa = PBXFileReference; lastKnownFileType = file.storyboard; name = Base; path = Main.storyboard; sourceTree = "<group>"; };
		9120C4B723B3505A0026176E /* AVCaptureVideoOrientation+Extension.swift */ = {isa = PBXFileReference; fileEncoding = 4; lastKnownFileType = sourcecode.swift; path = "AVCaptureVideoOrientation+Extension.swift"; sourceTree = "<group>"; };
		9120C4B823B3505A0026176E /* AVCaptureVideoPreviewView.swift */ = {isa = PBXFileReference; fileEncoding = 4; lastKnownFileType = sourcecode.swift; path = AVCaptureVideoPreviewView.swift; sourceTree = "<group>"; };
		9120C4B923B3505A0026176E /* PublisherConfigViewController.swift */ = {isa = PBXFileReference; fileEncoding = 4; lastKnownFileType = sourcecode.swift; path = PublisherConfigViewController.swift; sourceTree = "<group>"; };
		9120C4BA23B3505A0026176E /* PublisherVideoViewController.swift */ = {isa = PBXFileReference; fileEncoding = 4; lastKnownFileType = sourcecode.swift; path = PublisherVideoViewController.swift; sourceTree = "<group>"; };
		9120C4BB23B3505A0026176E /* SoraSDKManager.swift */ = {isa = PBXFileReference; fileEncoding = 4; lastKnownFileType = sourcecode.swift; path = SoraSDKManager.swift; sourceTree = "<group>"; };
		9120C4BC23B3505A0026176E /* Assets.xcassets */ = {isa = PBXFileReference; lastKnownFileType = folder.assetcatalog; path = Assets.xcassets; sourceTree = "<group>"; };
		9120C4BD23B3505A0026176E /* InfoPlist.strings */ = {isa = PBXFileReference; fileEncoding = 4; lastKnownFileType = text.plist.strings; path = InfoPlist.strings; sourceTree = "<group>"; };
/* End PBXFileReference section */

/* Begin PBXFrameworksBuildPhase section */
		9120C49723B3502B0026176E /* Frameworks */ = {
			isa = PBXFrameworksBuildPhase;
			buildActionMask = 2147483647;
			files = (
				B3CDDD4F2D5DF8AA002E4981 /* Sora in Frameworks */,
				B3CDDD512D5DF8AA002E4981 /* WebRTC in Frameworks */,
			);
			runOnlyForDeploymentPostprocessing = 0;
		};
/* End PBXFrameworksBuildPhase section */

/* Begin PBXGroup section */
		9120C49123B3502B0026176E = {
			isa = PBXGroup;
			children = (
				9120C49C23B3502B0026176E /* DecoStreamingSample */,
				9120C49B23B3502B0026176E /* Products */,
			);
			sourceTree = "<group>";
		};
		9120C49B23B3502B0026176E /* Products */ = {
			isa = PBXGroup;
			children = (
				9120C49A23B3502B0026176E /* DecoStreamingSample.app */,
			);
			name = Products;
			sourceTree = "<group>";
		};
		9120C49C23B3502B0026176E /* DecoStreamingSample */ = {
			isa = PBXGroup;
			children = (
				9120C4BC23B3505A0026176E /* Assets.xcassets */,
				9120C4B123B3505A0026176E /* Base.lproj */,
				9120C4B623B3505A0026176E /* Classes */,
				9120C4BD23B3505A0026176E /* InfoPlist.strings */,
				9120C49D23B3502B0026176E /* AppDelegate.swift */,
				35DC8E9527A38699000B0ED7 /* Environment.swift */,
				9120C4A323B3502B0026176E /* Main.storyboard */,
				9120C4A623B3502C0026176E /* Assets.xcassets */,
				9120C4A823B3502C0026176E /* LaunchScreen.storyboard */,
				9120C4AB23B3502C0026176E /* Info.plist */,
			);
			path = DecoStreamingSample;
			sourceTree = "<group>";
		};
		9120C4B123B3505A0026176E /* Base.lproj */ = {
			isa = PBXGroup;
			children = (
				9120C4B223B3505A0026176E /* LaunchScreen.storyboard */,
				9120C4B423B3505A0026176E /* Main.storyboard */,
			);
			path = Base.lproj;
			sourceTree = "<group>";
		};
		9120C4B623B3505A0026176E /* Classes */ = {
			isa = PBXGroup;
			children = (
				9120C4B723B3505A0026176E /* AVCaptureVideoOrientation+Extension.swift */,
				9120C4B823B3505A0026176E /* AVCaptureVideoPreviewView.swift */,
				9120C4B923B3505A0026176E /* PublisherConfigViewController.swift */,
				9120C4BA23B3505A0026176E /* PublisherVideoViewController.swift */,
				9120C4BB23B3505A0026176E /* SoraSDKManager.swift */,
			);
			path = Classes;
			sourceTree = "<group>";
		};
/* End PBXGroup section */

/* Begin PBXNativeTarget section */
		9120C49923B3502B0026176E /* DecoStreamingSample */ = {
			isa = PBXNativeTarget;
			buildConfigurationList = 9120C4AE23B3502C0026176E /* Build configuration list for PBXNativeTarget "DecoStreamingSample" */;
			buildPhases = (
				9195141B275753030042A440 /* Run SwiftFormat */,
				9195141C2757530B0042A440 /* Run SwiftLint */,
				9120C49623B3502B0026176E /* Sources */,
				9120C49723B3502B0026176E /* Frameworks */,
				9120C49823B3502B0026176E /* Resources */,
			);
			buildRules = (
			);
			dependencies = (
				B3C10B692D5ED302004362F9 /* PBXTargetDependency */,
			);
			name = DecoStreamingSample;
			productName = DecoStreamingSample;
			productReference = 9120C49A23B3502B0026176E /* DecoStreamingSample.app */;
			productType = "com.apple.product-type.application";
		};
/* End PBXNativeTarget section */

/* Begin PBXProject section */
		9120C49223B3502B0026176E /* Project object */ = {
			isa = PBXProject;
			attributes = {
				LastSwiftUpdateCheck = 1130;
				LastUpgradeCheck = 1130;
				ORGANIZATIONNAME = "Shiguredo Inc.";
				TargetAttributes = {
					9120C49923B3502B0026176E = {
						CreatedOnToolsVersion = 11.3;
					};
				};
			};
			buildConfigurationList = 9120C49523B3502B0026176E /* Build configuration list for PBXProject "DecoStreamingSample" */;
			compatibilityVersion = "Xcode 9.3";
			developmentRegion = en;
			hasScannedForEncodings = 0;
			knownRegions = (
				en,
				Base,
			);
			mainGroup = 9120C49123B3502B0026176E;
			packageReferences = (
				B3CDDD4D2D5DF8AA002E4981 /* XCRemoteSwiftPackageReference "sora-ios-sdk" */,
				B3C10B672D5ED2F4004362F9 /* XCRemoteSwiftPackageReference "SwiftLintPlugins" */,
			);
			productRefGroup = 9120C49B23B3502B0026176E /* Products */;
			projectDirPath = "";
			projectRoot = "";
			targets = (
				9120C49923B3502B0026176E /* DecoStreamingSample */,
			);
		};
/* End PBXProject section */

/* Begin PBXResourcesBuildPhase section */
		9120C49823B3502B0026176E /* Resources */ = {
			isa = PBXResourcesBuildPhase;
			buildActionMask = 2147483647;
			files = (
				9120C4AA23B3502C0026176E /* LaunchScreen.storyboard in Resources */,
				9120C4C623B3505A0026176E /* InfoPlist.strings in Resources */,
				9120C4BF23B3505A0026176E /* Main.storyboard in Resources */,
				9120C4BE23B3505A0026176E /* LaunchScreen.storyboard in Resources */,
				9120C4A723B3502C0026176E /* Assets.xcassets in Resources */,
				9120C4C523B3505A0026176E /* Assets.xcassets in Resources */,
				9120C4A523B3502B0026176E /* Main.storyboard in Resources */,
			);
			runOnlyForDeploymentPostprocessing = 0;
		};
/* End PBXResourcesBuildPhase section */

/* Begin PBXShellScriptBuildPhase section */
		9195141B275753030042A440 /* Run SwiftFormat */ = {
			isa = PBXShellScriptBuildPhase;
			buildActionMask = 2147483647;
			files = (
			);
			inputFileListPaths = (
			);
			inputPaths = (
			);
			name = "Run SwiftFormat";
			outputFileListPaths = (
			);
			outputPaths = (
			);
			runOnlyForDeploymentPostprocessing = 0;
			shellPath = /bin/sh;
			shellScript = "if which \"${PODS_ROOT}/SwiftFormat/CommandLineTool/swiftformat\" >/dev/null; then\n  \"${PODS_ROOT}/SwiftFormat/CommandLineTool/swiftformat\"  \"$SRCROOT\"\nelse\n  echo \"warning: SwiftFormat not installed, download from https://github.com/nicklockwood/SwiftFormat\"\nfi\n";
		};
		9195141C2757530B0042A440 /* Run SwiftLint */ = {
			isa = PBXShellScriptBuildPhase;
			buildActionMask = 2147483647;
			files = (
			);
			inputFileListPaths = (
			);
			inputPaths = (
			);
			name = "Run SwiftLint";
			outputFileListPaths = (
			);
			outputPaths = (
			);
			runOnlyForDeploymentPostprocessing = 0;
			shellPath = /bin/sh;
			shellScript = "if which \"${PODS_ROOT}/SwiftLint/swiftlint\" >/dev/null; then\n    ${PODS_ROOT}/SwiftLint/swiftlint --fix\n    ${PODS_ROOT}/SwiftLint/swiftlint\nelse\n    echo \"warning: SwiftLint not installed, download from https://github.com/realm/SwiftLint\"\nfi\n";
		};
/* End PBXShellScriptBuildPhase section */

/* Begin PBXSourcesBuildPhase section */
		9120C49623B3502B0026176E /* Sources */ = {
			isa = PBXSourcesBuildPhase;
			buildActionMask = 2147483647;
			files = (
				9120C4C123B3505A0026176E /* AVCaptureVideoPreviewView.swift in Sources */,
				9120C4C423B3505A0026176E /* SoraSDKManager.swift in Sources */,
				9120C49E23B3502B0026176E /* AppDelegate.swift in Sources */,
				35DC8E9627A38699000B0ED7 /* Environment.swift in Sources */,
				9120C4C323B3505A0026176E /* PublisherVideoViewController.swift in Sources */,
				9120C4C023B3505A0026176E /* AVCaptureVideoOrientation+Extension.swift in Sources */,
				9120C4C223B3505A0026176E /* PublisherConfigViewController.swift in Sources */,
			);
			runOnlyForDeploymentPostprocessing = 0;
		};
/* End PBXSourcesBuildPhase section */

/* Begin PBXTargetDependency section */
		B3C10B692D5ED302004362F9 /* PBXTargetDependency */ = {
			isa = PBXTargetDependency;
			productRef = B3C10B682D5ED302004362F9 /* SwiftLintBuildToolPlugin */;
		};
/* End PBXTargetDependency section */

/* Begin PBXVariantGroup section */
		9120C4A323B3502B0026176E /* Main.storyboard */ = {
			isa = PBXVariantGroup;
			children = (
				9120C4A423B3502B0026176E /* Base */,
			);
			name = Main.storyboard;
			sourceTree = "<group>";
		};
		9120C4A823B3502C0026176E /* LaunchScreen.storyboard */ = {
			isa = PBXVariantGroup;
			children = (
				9120C4A923B3502C0026176E /* Base */,
			);
			name = LaunchScreen.storyboard;
			sourceTree = "<group>";
		};
		9120C4B223B3505A0026176E /* LaunchScreen.storyboard */ = {
			isa = PBXVariantGroup;
			children = (
				9120C4B323B3505A0026176E /* Base */,
			);
			name = LaunchScreen.storyboard;
			sourceTree = "<group>";
		};
		9120C4B423B3505A0026176E /* Main.storyboard */ = {
			isa = PBXVariantGroup;
			children = (
				9120C4B523B3505A0026176E /* Base */,
			);
			name = Main.storyboard;
			sourceTree = "<group>";
		};
/* End PBXVariantGroup section */

/* Begin XCBuildConfiguration section */
		9120C4AC23B3502C0026176E /* Debug */ = {
			isa = XCBuildConfiguration;
			buildSettings = {
				ALWAYS_SEARCH_USER_PATHS = NO;
				CLANG_ANALYZER_NONNULL = YES;
				CLANG_ANALYZER_NUMBER_OBJECT_CONVERSION = YES_AGGRESSIVE;
				CLANG_CXX_LANGUAGE_STANDARD = "gnu++14";
				CLANG_CXX_LIBRARY = "libc++";
				CLANG_ENABLE_MODULES = YES;
				CLANG_ENABLE_OBJC_ARC = YES;
				CLANG_ENABLE_OBJC_WEAK = YES;
				CLANG_WARN_BLOCK_CAPTURE_AUTORELEASING = YES;
				CLANG_WARN_BOOL_CONVERSION = YES;
				CLANG_WARN_COMMA = YES;
				CLANG_WARN_CONSTANT_CONVERSION = YES;
				CLANG_WARN_DEPRECATED_OBJC_IMPLEMENTATIONS = YES;
				CLANG_WARN_DIRECT_OBJC_ISA_USAGE = YES_ERROR;
				CLANG_WARN_DOCUMENTATION_COMMENTS = YES;
				CLANG_WARN_EMPTY_BODY = YES;
				CLANG_WARN_ENUM_CONVERSION = YES;
				CLANG_WARN_INFINITE_RECURSION = YES;
				CLANG_WARN_INT_CONVERSION = YES;
				CLANG_WARN_NON_LITERAL_NULL_CONVERSION = YES;
				CLANG_WARN_OBJC_IMPLICIT_RETAIN_SELF = YES;
				CLANG_WARN_OBJC_LITERAL_CONVERSION = YES;
				CLANG_WARN_OBJC_ROOT_CLASS = YES_ERROR;
				CLANG_WARN_RANGE_LOOP_ANALYSIS = YES;
				CLANG_WARN_STRICT_PROTOTYPES = YES;
				CLANG_WARN_SUSPICIOUS_MOVE = YES;
				CLANG_WARN_UNGUARDED_AVAILABILITY = YES_AGGRESSIVE;
				CLANG_WARN_UNREACHABLE_CODE = YES;
				CLANG_WARN__DUPLICATE_METHOD_MATCH = YES;
				COPY_PHASE_STRIP = NO;
				DEBUG_INFORMATION_FORMAT = dwarf;
				ENABLE_STRICT_OBJC_MSGSEND = YES;
				ENABLE_TESTABILITY = YES;
				GCC_C_LANGUAGE_STANDARD = gnu11;
				GCC_DYNAMIC_NO_PIC = NO;
				GCC_NO_COMMON_BLOCKS = YES;
				GCC_OPTIMIZATION_LEVEL = 0;
				GCC_PREPROCESSOR_DEFINITIONS = (
					"DEBUG=1",
					"$(inherited)",
				);
				GCC_WARN_64_TO_32_BIT_CONVERSION = YES;
				GCC_WARN_ABOUT_RETURN_TYPE = YES_ERROR;
				GCC_WARN_UNDECLARED_SELECTOR = YES;
				GCC_WARN_UNINITIALIZED_AUTOS = YES_AGGRESSIVE;
				GCC_WARN_UNUSED_FUNCTION = YES;
				GCC_WARN_UNUSED_VARIABLE = YES;
				IPHONEOS_DEPLOYMENT_TARGET = 15.0;
				MTL_ENABLE_DEBUG_INFO = INCLUDE_SOURCE;
				MTL_FAST_MATH = YES;
				ONLY_ACTIVE_ARCH = YES;
				SDKROOT = iphoneos;
				SWIFT_ACTIVE_COMPILATION_CONDITIONS = DEBUG;
				SWIFT_OPTIMIZATION_LEVEL = "-Onone";
			};
			name = Debug;
		};
		9120C4AD23B3502C0026176E /* Release */ = {
			isa = XCBuildConfiguration;
			buildSettings = {
				ALWAYS_SEARCH_USER_PATHS = NO;
				CLANG_ANALYZER_NONNULL = YES;
				CLANG_ANALYZER_NUMBER_OBJECT_CONVERSION = YES_AGGRESSIVE;
				CLANG_CXX_LANGUAGE_STANDARD = "gnu++14";
				CLANG_CXX_LIBRARY = "libc++";
				CLANG_ENABLE_MODULES = YES;
				CLANG_ENABLE_OBJC_ARC = YES;
				CLANG_ENABLE_OBJC_WEAK = YES;
				CLANG_WARN_BLOCK_CAPTURE_AUTORELEASING = YES;
				CLANG_WARN_BOOL_CONVERSION = YES;
				CLANG_WARN_COMMA = YES;
				CLANG_WARN_CONSTANT_CONVERSION = YES;
				CLANG_WARN_DEPRECATED_OBJC_IMPLEMENTATIONS = YES;
				CLANG_WARN_DIRECT_OBJC_ISA_USAGE = YES_ERROR;
				CLANG_WARN_DOCUMENTATION_COMMENTS = YES;
				CLANG_WARN_EMPTY_BODY = YES;
				CLANG_WARN_ENUM_CONVERSION = YES;
				CLANG_WARN_INFINITE_RECURSION = YES;
				CLANG_WARN_INT_CONVERSION = YES;
				CLANG_WARN_NON_LITERAL_NULL_CONVERSION = YES;
				CLANG_WARN_OBJC_IMPLICIT_RETAIN_SELF = YES;
				CLANG_WARN_OBJC_LITERAL_CONVERSION = YES;
				CLANG_WARN_OBJC_ROOT_CLASS = YES_ERROR;
				CLANG_WARN_RANGE_LOOP_ANALYSIS = YES;
				CLANG_WARN_STRICT_PROTOTYPES = YES;
				CLANG_WARN_SUSPICIOUS_MOVE = YES;
				CLANG_WARN_UNGUARDED_AVAILABILITY = YES_AGGRESSIVE;
				CLANG_WARN_UNREACHABLE_CODE = YES;
				CLANG_WARN__DUPLICATE_METHOD_MATCH = YES;
				COPY_PHASE_STRIP = NO;
				DEBUG_INFORMATION_FORMAT = "dwarf-with-dsym";
				ENABLE_NS_ASSERTIONS = NO;
				ENABLE_STRICT_OBJC_MSGSEND = YES;
				GCC_C_LANGUAGE_STANDARD = gnu11;
				GCC_NO_COMMON_BLOCKS = YES;
				GCC_WARN_64_TO_32_BIT_CONVERSION = YES;
				GCC_WARN_ABOUT_RETURN_TYPE = YES_ERROR;
				GCC_WARN_UNDECLARED_SELECTOR = YES;
				GCC_WARN_UNINITIALIZED_AUTOS = YES_AGGRESSIVE;
				GCC_WARN_UNUSED_FUNCTION = YES;
				GCC_WARN_UNUSED_VARIABLE = YES;
				IPHONEOS_DEPLOYMENT_TARGET = 15.0;
				MTL_ENABLE_DEBUG_INFO = NO;
				MTL_FAST_MATH = YES;
				SDKROOT = iphoneos;
				SWIFT_COMPILATION_MODE = wholemodule;
				SWIFT_OPTIMIZATION_LEVEL = "-O";
				VALIDATE_PRODUCT = YES;
			};
			name = Release;
		};
		9120C4AF23B3502C0026176E /* Debug */ = {
			isa = XCBuildConfiguration;
			buildSettings = {
				ASSETCATALOG_COMPILER_APPICON_NAME = AppIcon;
				CODE_SIGN_STYLE = Automatic;
				DEVELOPMENT_TEAM = DQ232CBKHS;
				INFOPLIST_FILE = DecoStreamingSample/Info.plist;
				LD_RUNPATH_SEARCH_PATHS = (
					"$(inherited)",
					"@executable_path/Frameworks",
				);
				PRODUCT_BUNDLE_IDENTIFIER = jp.shiguredo.sora.DecoStreamingSample;
				PRODUCT_NAME = "$(TARGET_NAME)";
				SWIFT_VERSION = 5.0;
				TARGETED_DEVICE_FAMILY = "1,2";
			};
			name = Debug;
		};
		9120C4B023B3502C0026176E /* Release */ = {
			isa = XCBuildConfiguration;
			buildSettings = {
				ASSETCATALOG_COMPILER_APPICON_NAME = AppIcon;
				CODE_SIGN_STYLE = Automatic;
				DEVELOPMENT_TEAM = DQ232CBKHS;
				INFOPLIST_FILE = DecoStreamingSample/Info.plist;
				LD_RUNPATH_SEARCH_PATHS = (
					"$(inherited)",
					"@executable_path/Frameworks",
				);
				PRODUCT_BUNDLE_IDENTIFIER = jp.shiguredo.sora.DecoStreamingSample;
				PRODUCT_NAME = "$(TARGET_NAME)";
				SWIFT_VERSION = 5.0;
				TARGETED_DEVICE_FAMILY = "1,2";
			};
			name = Release;
		};
/* End XCBuildConfiguration section */

/* Begin XCConfigurationList section */
		9120C49523B3502B0026176E /* Build configuration list for PBXProject "DecoStreamingSample" */ = {
			isa = XCConfigurationList;
			buildConfigurations = (
				9120C4AC23B3502C0026176E /* Debug */,
				9120C4AD23B3502C0026176E /* Release */,
			);
			defaultConfigurationIsVisible = 0;
			defaultConfigurationName = Release;
		};
		9120C4AE23B3502C0026176E /* Build configuration list for PBXNativeTarget "DecoStreamingSample" */ = {
			isa = XCConfigurationList;
			buildConfigurations = (
				9120C4AF23B3502C0026176E /* Debug */,
				9120C4B023B3502C0026176E /* Release */,
			);
			defaultConfigurationIsVisible = 0;
			defaultConfigurationName = Release;
		};
/* End XCConfigurationList section */

/* Begin XCRemoteSwiftPackageReference section */
		B3C10B672D5ED2F4004362F9 /* XCRemoteSwiftPackageReference "SwiftLintPlugins" */ = {
			isa = XCRemoteSwiftPackageReference;
			repositoryURL = "https://github.com/SimplyDanny/SwiftLintPlugins";
			requirement = {
				kind = upToNextMajorVersion;
				minimumVersion = 0.58.2;
			};
		};
		B3CDDD4D2D5DF8AA002E4981 /* XCRemoteSwiftPackageReference "sora-ios-sdk" */ = {
			isa = XCRemoteSwiftPackageReference;
			repositoryURL = "https://github.com/shiguredo/sora-ios-sdk";
			requirement = {
				kind = exactVersion;
				version = "2025.2.0";
			};
		};
/* End XCRemoteSwiftPackageReference section */

/* Begin XCSwiftPackageProductDependency section */
		B3C10B682D5ED302004362F9 /* SwiftLintBuildToolPlugin */ = {
			isa = XCSwiftPackageProductDependency;
			package = B3C10B672D5ED2F4004362F9 /* XCRemoteSwiftPackageReference "SwiftLintPlugins" */;
			productName = "plugin:SwiftLintBuildToolPlugin";
		};
		B3CDDD4E2D5DF8AA002E4981 /* Sora */ = {
			isa = XCSwiftPackageProductDependency;
			package = B3CDDD4D2D5DF8AA002E4981 /* XCRemoteSwiftPackageReference "sora-ios-sdk" */;
			productName = Sora;
		};
		B3CDDD502D5DF8AA002E4981 /* WebRTC */ = {
			isa = XCSwiftPackageProductDependency;
			package = B3CDDD4D2D5DF8AA002E4981 /* XCRemoteSwiftPackageReference "sora-ios-sdk" */;
			productName = WebRTC;
		};
/* End XCSwiftPackageProductDependency section */
	};
	rootObject = 9120C49223B3502B0026176E /* Project object */;
}
