// !$*UTF8*$!
{
	archiveVersion = 1;
	classes = {
	};
	objectVersion = 55;
	objects = {

/* Begin PBXBuildFile section */
		9145715D27E1185B00ABCEAB /* VideoPiPMixer.swift in Sources */ = {isa = PBXBuildFile; fileRef = 9145715C27E1185B00ABCEAB /* VideoPiPMixer.swift */; };
		9182CDC827E077A200B47540 /* AppDelegate.swift in Sources */ = {isa = PBXBuildFile; fileRef = 9182CDC727E077A200B47540 /* AppDelegate.swift */; };
		9182CDCA27E077A200B47540 /* SceneDelegate.swift in Sources */ = {isa = PBXBuildFile; fileRef = 9182CDC927E077A200B47540 /* SceneDelegate.swift */; };
		9182CDCF27E077A200B47540 /* Main.storyboard in Resources */ = {isa = PBXBuildFile; fileRef = 9182CDCD27E077A200B47540 /* Main.storyboard */; };
		9182CDD127E077A500B47540 /* Assets.xcassets in Resources */ = {isa = PBXBuildFile; fileRef = 9182CDD027E077A500B47540 /* Assets.xcassets */; };
		9182CDD427E077A500B47540 /* LaunchScreen.storyboard in Resources */ = {isa = PBXBuildFile; fileRef = 9182CDD227E077A500B47540 /* LaunchScreen.storyboard */; };
		9182CDE127E07F7100B47540 /* SoraSDKManager.swift in Sources */ = {isa = PBXBuildFile; fileRef = 9182CDDD27E07F7100B47540 /* SoraSDKManager.swift */; };
		9182CDE227E07F7100B47540 /* Environment.swift in Sources */ = {isa = PBXBuildFile; fileRef = 9182CDDE27E07F7100B47540 /* Environment.swift */; };
		9182CDE327E07F7100B47540 /* VideoChatRoomViewController.swift in Sources */ = {isa = PBXBuildFile; fileRef = 9182CDDF27E07F7100B47540 /* VideoChatRoomViewController.swift */; };
		9182CDE427E07F7100B47540 /* ConfigViewController.swift in Sources */ = {isa = PBXBuildFile; fileRef = 9182CDE027E07F7100B47540 /* ConfigViewController.swift */; };
		9182CDE627E082EB00B47540 /* VideoGraphManager.swift in Sources */ = {isa = PBXBuildFile; fileRef = 9182CDE527E082EB00B47540 /* VideoGraphManager.swift */; };
/* End PBXBuildFile section */

/* Begin PBXFileReference section */
		9145715C27E1185B00ABCEAB /* VideoPiPMixer.swift */ = {isa = PBXFileReference; lastKnownFileType = sourcecode.swift; path = VideoPiPMixer.swift; sourceTree = "<group>"; };
		9182CDC427E077A200B47540 /* VideoGraphSample.app */ = {isa = PBXFileReference; explicitFileType = wrapper.application; includeInIndex = 0; path = VideoGraphSample.app; sourceTree = BUILT_PRODUCTS_DIR; };
		9182CDC727E077A200B47540 /* AppDelegate.swift */ = {isa = PBXFileReference; lastKnownFileType = sourcecode.swift; path = AppDelegate.swift; sourceTree = "<group>"; };
		9182CDC927E077A200B47540 /* SceneDelegate.swift */ = {isa = PBXFileReference; lastKnownFileType = sourcecode.swift; path = SceneDelegate.swift; sourceTree = "<group>"; };
		9182CDCE27E077A200B47540 /* Base */ = {isa = PBXFileReference; lastKnownFileType = file.storyboard; name = Base; path = Base.lproj/Main.storyboard; sourceTree = "<group>"; };
		9182CDD027E077A500B47540 /* Assets.xcassets */ = {isa = PBXFileReference; lastKnownFileType = folder.assetcatalog; path = Assets.xcassets; sourceTree = "<group>"; };
		9182CDD327E077A500B47540 /* Base */ = {isa = PBXFileReference; lastKnownFileType = file.storyboard; name = Base; path = Base.lproj/LaunchScreen.storyboard; sourceTree = "<group>"; };
		9182CDD527E077A500B47540 /* Info.plist */ = {isa = PBXFileReference; lastKnownFileType = text.plist.xml; path = Info.plist; sourceTree = "<group>"; };
		9182CDDD27E07F7100B47540 /* SoraSDKManager.swift */ = {isa = PBXFileReference; fileEncoding = 4; lastKnownFileType = sourcecode.swift; path = SoraSDKManager.swift; sourceTree = "<group>"; };
		9182CDDE27E07F7100B47540 /* Environment.swift */ = {isa = PBXFileReference; fileEncoding = 4; lastKnownFileType = sourcecode.swift; path = Environment.swift; sourceTree = "<group>"; };
		9182CDDF27E07F7100B47540 /* VideoChatRoomViewController.swift */ = {isa = PBXFileReference; fileEncoding = 4; lastKnownFileType = sourcecode.swift; path = VideoChatRoomViewController.swift; sourceTree = "<group>"; };
		9182CDE027E07F7100B47540 /* ConfigViewController.swift */ = {isa = PBXFileReference; fileEncoding = 4; lastKnownFileType = sourcecode.swift; path = ConfigViewController.swift; sourceTree = "<group>"; };
		9182CDE527E082EB00B47540 /* VideoGraphManager.swift */ = {isa = PBXFileReference; fileEncoding = 4; lastKnownFileType = sourcecode.swift; path = VideoGraphManager.swift; sourceTree = "<group>"; };
/* End PBXFileReference section */

/* Begin PBXFrameworksBuildPhase section */
		9182CDC127E077A200B47540 /* Frameworks */ = {
			isa = PBXFrameworksBuildPhase;
			buildActionMask = 2147483647;
			files = (
			);
			runOnlyForDeploymentPostprocessing = 0;
		};
/* End PBXFrameworksBuildPhase section */

/* Begin PBXGroup section */
		9182CDBB27E077A200B47540 = {
			isa = PBXGroup;
			children = (
				9182CDC627E077A200B47540 /* VideoGraphSample */,
				9182CDC527E077A200B47540 /* Products */,
			);
			sourceTree = "<group>";
		};
		9182CDC527E077A200B47540 /* Products */ = {
			isa = PBXGroup;
			children = (
				9182CDC427E077A200B47540 /* VideoGraphSample.app */,
			);
			name = Products;
			sourceTree = "<group>";
		};
		9182CDC627E077A200B47540 /* VideoGraphSample */ = {
			isa = PBXGroup;
			children = (
				9182CDD527E077A500B47540 /* Info.plist */,
				9182CDC727E077A200B47540 /* AppDelegate.swift */,
				9182CDE027E07F7100B47540 /* ConfigViewController.swift */,
				9182CDDE27E07F7100B47540 /* Environment.swift */,
				9182CDC927E077A200B47540 /* SceneDelegate.swift */,
				9182CDDD27E07F7100B47540 /* SoraSDKManager.swift */,
				9182CDDF27E07F7100B47540 /* VideoChatRoomViewController.swift */,
				9182CDE527E082EB00B47540 /* VideoGraphManager.swift */,
				9145715C27E1185B00ABCEAB /* VideoPiPMixer.swift */,
				9182CDD027E077A500B47540 /* Assets.xcassets */,
				9182CDD227E077A500B47540 /* LaunchScreen.storyboard */,
				9182CDCD27E077A200B47540 /* Main.storyboard */,
			);
			path = VideoGraphSample;
			sourceTree = "<group>";
		};
/* End PBXGroup section */

/* Begin PBXNativeTarget section */
		9182CDC327E077A200B47540 /* VideoGraphSample */ = {
			isa = PBXNativeTarget;
			buildConfigurationList = 9182CDD827E077A500B47540 /* Build configuration list for PBXNativeTarget "VideoGraphSample" */;
			buildPhases = (
				9182CDDB27E078A400B47540 /* Run SwiftFormat */,
				9182CDDC27E078BB00B47540 /* Run SwiftLint */,
				9182CDC027E077A200B47540 /* Sources */,
				9182CDC127E077A200B47540 /* Frameworks */,
				9182CDC227E077A200B47540 /* Resources */,
			);
			buildRules = (
			);
			dependencies = (
			);
			name = VideoGraphSample;
			productName = VideoGraphSample;
			productReference = 9182CDC427E077A200B47540 /* VideoGraphSample.app */;
			productType = "com.apple.product-type.application";
		};
/* End PBXNativeTarget section */

/* Begin PBXProject section */
		9182CDBC27E077A200B47540 /* Project object */ = {
			isa = PBXProject;
			attributes = {
				BuildIndependentTargetsInParallel = 1;
				LastSwiftUpdateCheck = 1330;
				LastUpgradeCheck = 1330;
				TargetAttributes = {
					9182CDC327E077A200B47540 = {
						CreatedOnToolsVersion = 13.3;
					};
				};
			};
			buildConfigurationList = 9182CDBF27E077A200B47540 /* Build configuration list for PBXProject "VideoGraphSample" */;
			compatibilityVersion = "Xcode 13.0";
			developmentRegion = en;
			hasScannedForEncodings = 0;
			knownRegions = (
				en,
				Base,
			);
			mainGroup = 9182CDBB27E077A200B47540;
			productRefGroup = 9182CDC527E077A200B47540 /* Products */;
			projectDirPath = "";
			projectRoot = "";
			targets = (
				9182CDC327E077A200B47540 /* VideoGraphSample */,
			);
		};
/* End PBXProject section */

/* Begin PBXResourcesBuildPhase section */
		9182CDC227E077A200B47540 /* Resources */ = {
			isa = PBXResourcesBuildPhase;
			buildActionMask = 2147483647;
			files = (
				9182CDD427E077A500B47540 /* LaunchScreen.storyboard in Resources */,
				9182CDD127E077A500B47540 /* Assets.xcassets in Resources */,
				9182CDCF27E077A200B47540 /* Main.storyboard in Resources */,
			);
			runOnlyForDeploymentPostprocessing = 0;
		};
/* End PBXResourcesBuildPhase section */

/* Begin PBXShellScriptBuildPhase section */
		9182CDDB27E078A400B47540 /* Run SwiftFormat */ = {
			isa = PBXShellScriptBuildPhase;
			buildActionMask = 2147483647;
			files = (
			);
			inputFileListPaths = (
			);
			inputPaths = (
			);
			name = "Run SwiftFormat";
			outputFileListPaths = (
			);
			outputPaths = (
			);
			runOnlyForDeploymentPostprocessing = 0;
			shellPath = /bin/sh;
			shellScript = "if which \"${PODS_ROOT}/SwiftFormat/CommandLineTool/swiftformat\" >/dev/null; then\n  \"${PODS_ROOT}/SwiftFormat/CommandLineTool/swiftformat\"  \"$SRCROOT\"\nelse\n  echo \"warning: SwiftFormat not installed, download from https://github.com/nicklockwood/SwiftFormat\"\nfi\n";
		};
		9182CDDC27E078BB00B47540 /* Run SwiftLint */ = {
			isa = PBXShellScriptBuildPhase;
			buildActionMask = 2147483647;
			files = (
			);
			inputFileListPaths = (
			);
			inputPaths = (
			);
			name = "Run SwiftLint";
			outputFileListPaths = (
			);
			outputPaths = (
			);
			runOnlyForDeploymentPostprocessing = 0;
			shellPath = /bin/sh;
			shellScript = "if which \"${PODS_ROOT}/SwiftLint/swiftlint\" >/dev/null; then\n    ${PODS_ROOT}/SwiftLint/swiftlint --fix\n    ${PODS_ROOT}/SwiftLint/swiftlint\nelse\n    echo \"warning: SwiftLint not installed, download from https://github.com/realm/SwiftLint\"\nfi\n";
		};
/* End PBXShellScriptBuildPhase section */

/* Begin PBXSourcesBuildPhase section */
		9182CDC027E077A200B47540 /* Sources */ = {
			isa = PBXSourcesBuildPhase;
			buildActionMask = 2147483647;
			files = (
				9182CDE127E07F7100B47540 /* SoraSDKManager.swift in Sources */,
				9182CDE227E07F7100B47540 /* Environment.swift in Sources */,
				9182CDE627E082EB00B47540 /* VideoGraphManager.swift in Sources */,
				9145715D27E1185B00ABCEAB /* VideoPiPMixer.swift in Sources */,
				9182CDE427E07F7100B47540 /* ConfigViewController.swift in Sources */,
				9182CDE327E07F7100B47540 /* VideoChatRoomViewController.swift in Sources */,
				9182CDC827E077A200B47540 /* AppDelegate.swift in Sources */,
				9182CDCA27E077A200B47540 /* SceneDelegate.swift in Sources */,
			);
			runOnlyForDeploymentPostprocessing = 0;
		};
/* End PBXSourcesBuildPhase section */

/* Begin PBXVariantGroup section */
		9182CDCD27E077A200B47540 /* Main.storyboard */ = {
			isa = PBXVariantGroup;
			children = (
				9182CDCE27E077A200B47540 /* Base */,
			);
			name = Main.storyboard;
			sourceTree = "<group>";
		};
		9182CDD227E077A500B47540 /* LaunchScreen.storyboard */ = {
			isa = PBXVariantGroup;
			children = (
				9182CDD327E077A500B47540 /* Base */,
			);
			name = LaunchScreen.storyboard;
			sourceTree = "<group>";
		};
/* End PBXVariantGroup section */

/* Begin XCBuildConfiguration section */
		9182CDD627E077A500B47540 /* Debug */ = {
			isa = XCBuildConfiguration;
			buildSettings = {
				ALWAYS_SEARCH_USER_PATHS = NO;
				CLANG_ANALYZER_NONNULL = YES;
				CLANG_ANALYZER_NUMBER_OBJECT_CONVERSION = YES_AGGRESSIVE;
				CLANG_CXX_LANGUAGE_STANDARD = "gnu++17";
				CLANG_ENABLE_MODULES = YES;
				CLANG_ENABLE_OBJC_ARC = YES;
				CLANG_ENABLE_OBJC_WEAK = YES;
				CLANG_WARN_BLOCK_CAPTURE_AUTORELEASING = YES;
				CLANG_WARN_BOOL_CONVERSION = YES;
				CLANG_WARN_COMMA = YES;
				CLANG_WARN_CONSTANT_CONVERSION = YES;
				CLANG_WARN_DEPRECATED_OBJC_IMPLEMENTATIONS = YES;
				CLANG_WARN_DIRECT_OBJC_ISA_USAGE = YES_ERROR;
				CLANG_WARN_DOCUMENTATION_COMMENTS = YES;
				CLANG_WARN_EMPTY_BODY = YES;
				CLANG_WARN_ENUM_CONVERSION = YES;
				CLANG_WARN_INFINITE_RECURSION = YES;
				CLANG_WARN_INT_CONVERSION = YES;
				CLANG_WARN_NON_LITERAL_NULL_CONVERSION = YES;
				CLANG_WARN_OBJC_IMPLICIT_RETAIN_SELF = YES;
				CLANG_WARN_OBJC_LITERAL_CONVERSION = YES;
				CLANG_WARN_OBJC_ROOT_CLASS = YES_ERROR;
				CLANG_WARN_QUOTED_INCLUDE_IN_FRAMEWORK_HEADER = YES;
				CLANG_WARN_RANGE_LOOP_ANALYSIS = YES;
				CLANG_WARN_STRICT_PROTOTYPES = YES;
				CLANG_WARN_SUSPICIOUS_MOVE = YES;
				CLANG_WARN_UNGUARDED_AVAILABILITY = YES_AGGRESSIVE;
				CLANG_WARN_UNREACHABLE_CODE = YES;
				CLANG_WARN__DUPLICATE_METHOD_MATCH = YES;
				COPY_PHASE_STRIP = NO;
				DEBUG_INFORMATION_FORMAT = dwarf;
				ENABLE_STRICT_OBJC_MSGSEND = YES;
				ENABLE_TESTABILITY = YES;
				GCC_C_LANGUAGE_STANDARD = gnu11;
				GCC_DYNAMIC_NO_PIC = NO;
				GCC_NO_COMMON_BLOCKS = YES;
				GCC_OPTIMIZATION_LEVEL = 0;
				GCC_PREPROCESSOR_DEFINITIONS = (
					"DEBUG=1",
					"$(inherited)",
				);
				GCC_WARN_64_TO_32_BIT_CONVERSION = YES;
				GCC_WARN_ABOUT_RETURN_TYPE = YES_ERROR;
				GCC_WARN_UNDECLARED_SELECTOR = YES;
				GCC_WARN_UNINITIALIZED_AUTOS = YES_AGGRESSIVE;
				GCC_WARN_UNUSED_FUNCTION = YES;
				GCC_WARN_UNUSED_VARIABLE = YES;
				IPHONEOS_DEPLOYMENT_TARGET = 14.0;
				MTL_ENABLE_DEBUG_INFO = INCLUDE_SOURCE;
				MTL_FAST_MATH = YES;
				ONLY_ACTIVE_ARCH = YES;
				SDKROOT = iphoneos;
				SWIFT_ACTIVE_COMPILATION_CONDITIONS = DEBUG;
				SWIFT_OPTIMIZATION_LEVEL = "-Onone";
			};
			name = Debug;
		};
		9182CDD727E077A500B47540 /* Release */ = {
			isa = XCBuildConfiguration;
			buildSettings = {
				ALWAYS_SEARCH_USER_PATHS = NO;
				CLANG_ANALYZER_NONNULL = YES;
				CLANG_ANALYZER_NUMBER_OBJECT_CONVERSION = YES_AGGRESSIVE;
				CLANG_CXX_LANGUAGE_STANDARD = "gnu++17";
				CLANG_ENABLE_MODULES = YES;
				CLANG_ENABLE_OBJC_ARC = YES;
				CLANG_ENABLE_OBJC_WEAK = YES;
				CLANG_WARN_BLOCK_CAPTURE_AUTORELEASING = YES;
				CLANG_WARN_BOOL_CONVERSION = YES;
				CLANG_WARN_COMMA = YES;
				CLANG_WARN_CONSTANT_CONVERSION = YES;
				CLANG_WARN_DEPRECATED_OBJC_IMPLEMENTATIONS = YES;
				CLANG_WARN_DIRECT_OBJC_ISA_USAGE = YES_ERROR;
				CLANG_WARN_DOCUMENTATION_COMMENTS = YES;
				CLANG_WARN_EMPTY_BODY = YES;
				CLANG_WARN_ENUM_CONVERSION = YES;
				CLANG_WARN_INFINITE_RECURSION = YES;
				CLANG_WARN_INT_CONVERSION = YES;
				CLANG_WARN_NON_LITERAL_NULL_CONVERSION = YES;
				CLANG_WARN_OBJC_IMPLICIT_RETAIN_SELF = YES;
				CLANG_WARN_OBJC_LITERAL_CONVERSION = YES;
				CLANG_WARN_OBJC_ROOT_CLASS = YES_ERROR;
				CLANG_WARN_QUOTED_INCLUDE_IN_FRAMEWORK_HEADER = YES;
				CLANG_WARN_RANGE_LOOP_ANALYSIS = YES;
				CLANG_WARN_STRICT_PROTOTYPES = YES;
				CLANG_WARN_SUSPICIOUS_MOVE = YES;
				CLANG_WARN_UNGUARDED_AVAILABILITY = YES_AGGRESSIVE;
				CLANG_WARN_UNREACHABLE_CODE = YES;
				CLANG_WARN__DUPLICATE_METHOD_MATCH = YES;
				COPY_PHASE_STRIP = NO;
				DEBUG_INFORMATION_FORMAT = "dwarf-with-dsym";
				ENABLE_NS_ASSERTIONS = NO;
				ENABLE_STRICT_OBJC_MSGSEND = YES;
				GCC_C_LANGUAGE_STANDARD = gnu11;
				GCC_NO_COMMON_BLOCKS = YES;
				GCC_WARN_64_TO_32_BIT_CONVERSION = YES;
				GCC_WARN_ABOUT_RETURN_TYPE = YES_ERROR;
				GCC_WARN_UNDECLARED_SELECTOR = YES;
				GCC_WARN_UNINITIALIZED_AUTOS = YES_AGGRESSIVE;
				GCC_WARN_UNUSED_FUNCTION = YES;
				GCC_WARN_UNUSED_VARIABLE = YES;
				IPHONEOS_DEPLOYMENT_TARGET = 14.0;
				MTL_ENABLE_DEBUG_INFO = NO;
				MTL_FAST_MATH = YES;
				SDKROOT = iphoneos;
				SWIFT_COMPILATION_MODE = wholemodule;
				SWIFT_OPTIMIZATION_LEVEL = "-O";
				VALIDATE_PRODUCT = YES;
			};
			name = Release;
		};
		9182CDD927E077A500B47540 /* Debug */ = {
			isa = XCBuildConfiguration;
			buildSettings = {
				ASSETCATALOG_COMPILER_APPICON_NAME = AppIcon;
				ASSETCATALOG_COMPILER_GLOBAL_ACCENT_COLOR_NAME = AccentColor;
				CODE_SIGN_STYLE = Automatic;
				CURRENT_PROJECT_VERSION = 1;
				DEVELOPMENT_TEAM = DQ232CBKHS;
				GENERATE_INFOPLIST_FILE = YES;
				INFOPLIST_FILE = VideoGraphSample/Info.plist;
				INFOPLIST_KEY_UIApplicationSupportsIndirectInputEvents = YES;
				INFOPLIST_KEY_UILaunchStoryboardName = LaunchScreen;
				INFOPLIST_KEY_UIMainStoryboardFile = Main;
				INFOPLIST_KEY_UISupportedInterfaceOrientations_iPad = "UIInterfaceOrientationPortrait UIInterfaceOrientationPortraitUpsideDown UIInterfaceOrientationLandscapeLeft UIInterfaceOrientationLandscapeRight";
				INFOPLIST_KEY_UISupportedInterfaceOrientations_iPhone = "UIInterfaceOrientationPortrait UIInterfaceOrientationLandscapeLeft UIInterfaceOrientationLandscapeRight";
				LD_RUNPATH_SEARCH_PATHS = (
					"$(inherited)",
					"@executable_path/Frameworks",
				);
				MARKETING_VERSION = 1.0;
				PRODUCT_BUNDLE_IDENTIFIER = jp.shiguredo.VideoGraphSample;
				PRODUCT_NAME = "$(TARGET_NAME)";
				SWIFT_EMIT_LOC_STRINGS = YES;
				SWIFT_VERSION = 5.0;
				TARGETED_DEVICE_FAMILY = "1,2";
			};
			name = Debug;
		};
		9182CDDA27E077A500B47540 /* Release */ = {
			isa = XCBuildConfiguration;
			buildSettings = {
				ASSETCATALOG_COMPILER_APPICON_NAME = AppIcon;
				ASSETCATALOG_COMPILER_GLOBAL_ACCENT_COLOR_NAME = AccentColor;
				CODE_SIGN_STYLE = Automatic;
				CURRENT_PROJECT_VERSION = 1;
				DEVELOPMENT_TEAM = DQ232CBKHS;
				GENERATE_INFOPLIST_FILE = YES;
				INFOPLIST_FILE = VideoGraphSample/Info.plist;
				INFOPLIST_KEY_UIApplicationSupportsIndirectInputEvents = YES;
				INFOPLIST_KEY_UILaunchStoryboardName = LaunchScreen;
				INFOPLIST_KEY_UIMainStoryboardFile = Main;
				INFOPLIST_KEY_UISupportedInterfaceOrientations_iPad = "UIInterfaceOrientationPortrait UIInterfaceOrientationPortraitUpsideDown UIInterfaceOrientationLandscapeLeft UIInterfaceOrientationLandscapeRight";
				INFOPLIST_KEY_UISupportedInterfaceOrientations_iPhone = "UIInterfaceOrientationPortrait UIInterfaceOrientationLandscapeLeft UIInterfaceOrientationLandscapeRight";
				LD_RUNPATH_SEARCH_PATHS = (
					"$(inherited)",
					"@executable_path/Frameworks",
				);
				MARKETING_VERSION = 1.0;
				PRODUCT_BUNDLE_IDENTIFIER = jp.shiguredo.VideoGraphSample;
				PRODUCT_NAME = "$(TARGET_NAME)";
				SWIFT_EMIT_LOC_STRINGS = YES;
				SWIFT_VERSION = 5.0;
				TARGETED_DEVICE_FAMILY = "1,2";
			};
			name = Release;
		};
/* End XCBuildConfiguration section */

/* Begin XCConfigurationList section */
		9182CDBF27E077A200B47540 /* Build configuration list for PBXProject "VideoGraphSample" */ = {
			isa = XCConfigurationList;
			buildConfigurations = (
				9182CDD627E077A500B47540 /* Debug */,
				9182CDD727E077A500B47540 /* Release */,
			);
			defaultConfigurationIsVisible = 0;
			defaultConfigurationName = Release;
		};
		9182CDD827E077A500B47540 /* Build configuration list for PBXNativeTarget "VideoGraphSample" */ = {
			isa = XCConfigurationList;
			buildConfigurations = (
				9182CDD927E077A500B47540 /* Debug */,
				9182CDDA27E077A500B47540 /* Release */,
			);
			defaultConfigurationIsVisible = 0;
			defaultConfigurationName = Release;
		};
/* End XCConfigurationList section */
	};
	rootObject = 9182CDBC27E077A200B47540 /* Project object */;
}
