// !$*UTF8*$!
{
	archiveVersion = 1;
	classes = {
	};
	objectVersion = 55;
	objects = {

/* Begin PBXBuildFile section */
		91C851CF279FD1CB002C4B55 /* AppDelegate.swift in Sources */ = {isa = PBXBuildFile; fileRef = 91C851CE279FD1CB002C4B55 /* AppDelegate.swift */; };
		91C851D1279FD1CB002C4B55 /* SceneDelegate.swift in Sources */ = {isa = PBXBuildFile; fileRef = 91C851D0279FD1CB002C4B55 /* SceneDelegate.swift */; };
		91C851D3279FD1CB002C4B55 /* ViewController.swift in Sources */ = {isa = PBXBuildFile; fileRef = 91C851D2279FD1CB002C4B55 /* ViewController.swift */; };
		91C851D6279FD1CB002C4B55 /* Main.storyboard in Resources */ = {isa = PBXBuildFile; fileRef = 91C851D4279FD1CB002C4B55 /* Main.storyboard */; };
		91C851D8279FD1CB002C4B55 /* Assets.xcassets in Resources */ = {isa = PBXBuildFile; fileRef = 91C851D7279FD1CB002C4B55 /* Assets.xcassets */; };
		91C851DB279FD1CB002C4B55 /* LaunchScreen.storyboard in Resources */ = {isa = PBXBuildFile; fileRef = 91C851D9279FD1CB002C4B55 /* LaunchScreen.storyboard */; };
		91C851E7279FE229002C4B55 /* ConfigViewController.swift in Sources */ = {isa = PBXBuildFile; fileRef = 91C851E4279FE229002C4B55 /* ConfigViewController.swift */; };
		91C851E8279FE229002C4B55 /* VideoChatRoomViewController.swift in Sources */ = {isa = PBXBuildFile; fileRef = 91C851E5279FE229002C4B55 /* VideoChatRoomViewController.swift */; };
		91C851E9279FE229002C4B55 /* SoraSDKManager.swift in Sources */ = {isa = PBXBuildFile; fileRef = 91C851E6279FE229002C4B55 /* SoraSDKManager.swift */; };
		91C851EB279FE282002C4B55 /* Environment.swift in Sources */ = {isa = PBXBuildFile; fileRef = 91C851EA279FE282002C4B55 /* Environment.swift */; };
/* End PBXBuildFile section */

/* Begin PBXFileReference section */
		91C851CB279FD1CB002C4B55 /* DataChannelSample.app */ = {isa = PBXFileReference; explicitFileType = wrapper.application; includeInIndex = 0; path = DataChannelSample.app; sourceTree = BUILT_PRODUCTS_DIR; };
		91C851CE279FD1CB002C4B55 /* AppDelegate.swift */ = {isa = PBXFileReference; lastKnownFileType = sourcecode.swift; path = AppDelegate.swift; sourceTree = "<group>"; };
		91C851D0279FD1CB002C4B55 /* SceneDelegate.swift */ = {isa = PBXFileReference; lastKnownFileType = sourcecode.swift; path = SceneDelegate.swift; sourceTree = "<group>"; };
		91C851D2279FD1CB002C4B55 /* ViewController.swift */ = {isa = PBXFileReference; lastKnownFileType = sourcecode.swift; path = ViewController.swift; sourceTree = "<group>"; };
		91C851D5279FD1CB002C4B55 /* Base */ = {isa = PBXFileReference; lastKnownFileType = file.storyboard; name = Base; path = Base.lproj/Main.storyboard; sourceTree = "<group>"; };
		91C851D7279FD1CB002C4B55 /* Assets.xcassets */ = {isa = PBXFileReference; lastKnownFileType = folder.assetcatalog; path = Assets.xcassets; sourceTree = "<group>"; };
		91C851DA279FD1CB002C4B55 /* Base */ = {isa = PBXFileReference; lastKnownFileType = file.storyboard; name = Base; path = Base.lproj/LaunchScreen.storyboard; sourceTree = "<group>"; };
		91C851DC279FD1CB002C4B55 /* Info.plist */ = {isa = PBXFileReference; lastKnownFileType = text.plist.xml; path = Info.plist; sourceTree = "<group>"; };
		91C851E4279FE229002C4B55 /* ConfigViewController.swift */ = {isa = PBXFileReference; fileEncoding = 4; lastKnownFileType = sourcecode.swift; path = ConfigViewController.swift; sourceTree = "<group>"; };
		91C851E5279FE229002C4B55 /* VideoChatRoomViewController.swift */ = {isa = PBXFileReference; fileEncoding = 4; lastKnownFileType = sourcecode.swift; path = VideoChatRoomViewController.swift; sourceTree = "<group>"; };
		91C851E6279FE229002C4B55 /* SoraSDKManager.swift */ = {isa = PBXFileReference; fileEncoding = 4; lastKnownFileType = sourcecode.swift; path = SoraSDKManager.swift; sourceTree = "<group>"; };
		91C851EA279FE282002C4B55 /* Environment.swift */ = {isa = PBXFileReference; lastKnownFileType = sourcecode.swift; path = Environment.swift; sourceTree = "<group>"; };
/* End PBXFileReference section */

/* Begin PBXFrameworksBuildPhase section */
		91C851C8279FD1CB002C4B55 /* Frameworks */ = {
			isa = PBXFrameworksBuildPhase;
			buildActionMask = 2147483647;
			files = (
			);
			runOnlyForDeploymentPostprocessing = 0;
		};
/* End PBXFrameworksBuildPhase section */

/* Begin PBXGroup section */
		91C851C2279FD1CA002C4B55 = {
			isa = PBXGroup;
			children = (
				91C851CD279FD1CB002C4B55 /* DataChannelSample */,
				91C851CC279FD1CB002C4B55 /* Products */,
			);
			sourceTree = "<group>";
		};
		91C851CC279FD1CB002C4B55 /* Products */ = {
			isa = PBXGroup;
			children = (
				91C851CB279FD1CB002C4B55 /* DataChannelSample.app */,
			);
			name = Products;
			sourceTree = "<group>";
		};
		91C851CD279FD1CB002C4B55 /* DataChannelSample */ = {
			isa = PBXGroup;
			children = (
				91C851E4279FE229002C4B55 /* ConfigViewController.swift */,
				91C851E6279FE229002C4B55 /* SoraSDKManager.swift */,
				91C851E5279FE229002C4B55 /* VideoChatRoomViewController.swift */,
				91C851EA279FE282002C4B55 /* Environment.swift */,
				91C851CE279FD1CB002C4B55 /* AppDelegate.swift */,
				91C851D0279FD1CB002C4B55 /* SceneDelegate.swift */,
				91C851D2279FD1CB002C4B55 /* ViewController.swift */,
				91C851D4279FD1CB002C4B55 /* Main.storyboard */,
				91C851D7279FD1CB002C4B55 /* Assets.xcassets */,
				91C851D9279FD1CB002C4B55 /* LaunchScreen.storyboard */,
				91C851DC279FD1CB002C4B55 /* Info.plist */,
			);
			path = DataChannelSample;
			sourceTree = "<group>";
		};
/* End PBXGroup section */

/* Begin PBXNativeTarget section */
		91C851CA279FD1CB002C4B55 /* DataChannelSample */ = {
			isa = PBXNativeTarget;
			buildConfigurationList = 91C851DF279FD1CB002C4B55 /* Build configuration list for PBXNativeTarget "DataChannelSample" */;
			buildPhases = (
				91C851E2279FD2DF002C4B55 /* Run SwiftFormat */,
				91C851E3279FD2F9002C4B55 /* Run SwiftLint */,
				91C851C7279FD1CB002C4B55 /* Sources */,
				91C851C8279FD1CB002C4B55 /* Frameworks */,
				91C851C9279FD1CB002C4B55 /* Resources */,
			);
			buildRules = (
			);
			dependencies = (
			);
			name = DataChannelSample;
			productName = DataChannelSample;
			productReference = 91C851CB279FD1CB002C4B55 /* DataChannelSample.app */;
			productType = "com.apple.product-type.application";
		};
/* End PBXNativeTarget section */

/* Begin PBXProject section */
		91C851C3279FD1CA002C4B55 /* Project object */ = {
			isa = PBXProject;
			attributes = {
				BuildIndependentTargetsInParallel = 1;
				LastSwiftUpdateCheck = 1320;
				LastUpgradeCheck = 1320;
				TargetAttributes = {
					91C851CA279FD1CB002C4B55 = {
						CreatedOnToolsVersion = 13.2.1;
					};
				};
			};
			buildConfigurationList = 91C851C6279FD1CA002C4B55 /* Build configuration list for PBXProject "DataChannelSample" */;
			compatibilityVersion = "Xcode 13.0";
			developmentRegion = en;
			hasScannedForEncodings = 0;
			knownRegions = (
				en,
				Base,
			);
			mainGroup = 91C851C2279FD1CA002C4B55;
			productRefGroup = 91C851CC279FD1CB002C4B55 /* Products */;
			projectDirPath = "";
			projectRoot = "";
			targets = (
				91C851CA279FD1CB002C4B55 /* DataChannelSample */,
			);
		};
/* End PBXProject section */

/* Begin PBXResourcesBuildPhase section */
		91C851C9279FD1CB002C4B55 /* Resources */ = {
			isa = PBXResourcesBuildPhase;
			buildActionMask = 2147483647;
			files = (
				91C851DB279FD1CB002C4B55 /* LaunchScreen.storyboard in Resources */,
				91C851D8279FD1CB002C4B55 /* Assets.xcassets in Resources */,
				91C851D6279FD1CB002C4B55 /* Main.storyboard in Resources */,
			);
			runOnlyForDeploymentPostprocessing = 0;
		};
/* End PBXResourcesBuildPhase section */

/* Begin PBXShellScriptBuildPhase section */
		91C851E2279FD2DF002C4B55 /* Run SwiftFormat */ = {
			isa = PBXShellScriptBuildPhase;
			buildActionMask = 2147483647;
			files = (
			);
			inputFileListPaths = (
			);
			inputPaths = (
			);
			name = "Run SwiftFormat";
			outputFileListPaths = (
			);
			outputPaths = (
			);
			runOnlyForDeploymentPostprocessing = 0;
			shellPath = /bin/sh;
			shellScript = "if which \"${PODS_ROOT}/SwiftFormat/CommandLineTool/swiftformat\" >/dev/null; then\n  \"${PODS_ROOT}/SwiftFormat/CommandLineTool/swiftformat\"  \"$SRCROOT\"\nelse\n  echo \"warning: SwiftFormat not installed, download from https://github.com/nicklockwood/SwiftFormat\"\nfi\n";
		};
		91C851E3279FD2F9002C4B55 /* Run SwiftLint */ = {
			isa = PBXShellScriptBuildPhase;
			buildActionMask = 2147483647;
			files = (
			);
			inputFileListPaths = (
			);
			inputPaths = (
			);
			name = "Run SwiftLint";
			outputFileListPaths = (
			);
			outputPaths = (
			);
			runOnlyForDeploymentPostprocessing = 0;
			shellPath = /bin/sh;
			shellScript = "if which \"${PODS_ROOT}/SwiftLint/swiftlint\" >/dev/null; then\n    ${PODS_ROOT}/SwiftLint/swiftlint --fix\n    ${PODS_ROOT}/SwiftLint/swiftlint\nelse\n    echo \"warning: SwiftLint not installed, download from https://github.com/realm/SwiftLint\"\nfi\n";
		};
/* End PBXShellScriptBuildPhase section */

/* Begin PBXSourcesBuildPhase section */
		91C851C7279FD1CB002C4B55 /* Sources */ = {
			isa = PBXSourcesBuildPhase;
			buildActionMask = 2147483647;
			files = (
				91C851D3279FD1CB002C4B55 /* ViewController.swift in Sources */,
				91C851CF279FD1CB002C4B55 /* AppDelegate.swift in Sources */,
				91C851E8279FE229002C4B55 /* VideoChatRoomViewController.swift in Sources */,
				91C851EB279FE282002C4B55 /* Environment.swift in Sources */,
				91C851E9279FE229002C4B55 /* SoraSDKManager.swift in Sources */,
				91C851E7279FE229002C4B55 /* ConfigViewController.swift in Sources */,
				91C851D1279FD1CB002C4B55 /* SceneDelegate.swift in Sources */,
			);
			runOnlyForDeploymentPostprocessing = 0;
		};
/* End PBXSourcesBuildPhase section */

/* Begin PBXVariantGroup section */
		91C851D4279FD1CB002C4B55 /* Main.storyboard */ = {
			isa = PBXVariantGroup;
			children = (
				91C851D5279FD1CB002C4B55 /* Base */,
			);
			name = Main.storyboard;
			sourceTree = "<group>";
		};
		91C851D9279FD1CB002C4B55 /* LaunchScreen.storyboard */ = {
			isa = PBXVariantGroup;
			children = (
				91C851DA279FD1CB002C4B55 /* Base */,
			);
			name = LaunchScreen.storyboard;
			sourceTree = "<group>";
		};
/* End PBXVariantGroup section */

/* Begin XCBuildConfiguration section */
		91C851DD279FD1CB002C4B55 /* Debug */ = {
			isa = XCBuildConfiguration;
			buildSettings = {
				ALWAYS_SEARCH_USER_PATHS = NO;
				CLANG_ANALYZER_NONNULL = YES;
				CLANG_ANALYZER_NUMBER_OBJECT_CONVERSION = YES_AGGRESSIVE;
				CLANG_CXX_LANGUAGE_STANDARD = "gnu++17";
				CLANG_CXX_LIBRARY = "libc++";
				CLANG_ENABLE_MODULES = YES;
				CLANG_ENABLE_OBJC_ARC = YES;
				CLANG_ENABLE_OBJC_WEAK = YES;
				CLANG_WARN_BLOCK_CAPTURE_AUTORELEASING = YES;
				CLANG_WARN_BOOL_CONVERSION = YES;
				CLANG_WARN_COMMA = YES;
				CLANG_WARN_CONSTANT_CONVERSION = YES;
				CLANG_WARN_DEPRECATED_OBJC_IMPLEMENTATIONS = YES;
				CLANG_WARN_DIRECT_OBJC_ISA_USAGE = YES_ERROR;
				CLANG_WARN_DOCUMENTATION_COMMENTS = YES;
				CLANG_WARN_EMPTY_BODY = YES;
				CLANG_WARN_ENUM_CONVERSION = YES;
				CLANG_WARN_INFINITE_RECURSION = YES;
				CLANG_WARN_INT_CONVERSION = YES;
				CLANG_WARN_NON_LITERAL_NULL_CONVERSION = YES;
				CLANG_WARN_OBJC_IMPLICIT_RETAIN_SELF = YES;
				CLANG_WARN_OBJC_LITERAL_CONVERSION = YES;
				CLANG_WARN_OBJC_ROOT_CLASS = YES_ERROR;
				CLANG_WARN_QUOTED_INCLUDE_IN_FRAMEWORK_HEADER = YES;
				CLANG_WARN_RANGE_LOOP_ANALYSIS = YES;
				CLANG_WARN_STRICT_PROTOTYPES = YES;
				CLANG_WARN_SUSPICIOUS_MOVE = YES;
				CLANG_WARN_UNGUARDED_AVAILABILITY = YES_AGGRESSIVE;
				CLANG_WARN_UNREACHABLE_CODE = YES;
				CLANG_WARN__DUPLICATE_METHOD_MATCH = YES;
				COPY_PHASE_STRIP = NO;
				DEBUG_INFORMATION_FORMAT = dwarf;
				ENABLE_BITCODE = NO;
				ENABLE_STRICT_OBJC_MSGSEND = YES;
				ENABLE_TESTABILITY = YES;
				GCC_C_LANGUAGE_STANDARD = gnu11;
				GCC_DYNAMIC_NO_PIC = NO;
				GCC_NO_COMMON_BLOCKS = YES;
				GCC_OPTIMIZATION_LEVEL = 0;
				GCC_PREPROCESSOR_DEFINITIONS = (
					"DEBUG=1",
					"$(inherited)",
				);
				GCC_WARN_64_TO_32_BIT_CONVERSION = YES;
				GCC_WARN_ABOUT_RETURN_TYPE = YES_ERROR;
				GCC_WARN_UNDECLARED_SELECTOR = YES;
				GCC_WARN_UNINITIALIZED_AUTOS = YES_AGGRESSIVE;
				GCC_WARN_UNUSED_FUNCTION = YES;
				GCC_WARN_UNUSED_VARIABLE = YES;
				IPHONEOS_DEPLOYMENT_TARGET = 15.0;
				MTL_ENABLE_DEBUG_INFO = INCLUDE_SOURCE;
				MTL_FAST_MATH = YES;
				ONLY_ACTIVE_ARCH = YES;
				SDKROOT = iphoneos;
				SWIFT_ACTIVE_COMPILATION_CONDITIONS = DEBUG;
				SWIFT_OPTIMIZATION_LEVEL = "-Onone";
			};
			name = Debug;
		};
		91C851DE279FD1CB002C4B55 /* Release */ = {
			isa = XCBuildConfiguration;
			buildSettings = {
				ALWAYS_SEARCH_USER_PATHS = NO;
				CLANG_ANALYZER_NONNULL = YES;
				CLANG_ANALYZER_NUMBER_OBJECT_CONVERSION = YES_AGGRESSIVE;
				CLANG_CXX_LANGUAGE_STANDARD = "gnu++17";
				CLANG_CXX_LIBRARY = "libc++";
				CLANG_ENABLE_MODULES = YES;
				CLANG_ENABLE_OBJC_ARC = YES;
				CLANG_ENABLE_OBJC_WEAK = YES;
				CLANG_WARN_BLOCK_CAPTURE_AUTORELEASING = YES;
				CLANG_WARN_BOOL_CONVERSION = YES;
				CLANG_WARN_COMMA = YES;
				CLANG_WARN_CONSTANT_CONVERSION = YES;
				CLANG_WARN_DEPRECATED_OBJC_IMPLEMENTATIONS = YES;
				CLANG_WARN_DIRECT_OBJC_ISA_USAGE = YES_ERROR;
				CLANG_WARN_DOCUMENTATION_COMMENTS = YES;
				CLANG_WARN_EMPTY_BODY = YES;
				CLANG_WARN_ENUM_CONVERSION = YES;
				CLANG_WARN_INFINITE_RECURSION = YES;
				CLANG_WARN_INT_CONVERSION = YES;
				CLANG_WARN_NON_LITERAL_NULL_CONVERSION = YES;
				CLANG_WARN_OBJC_IMPLICIT_RETAIN_SELF = YES;
				CLANG_WARN_OBJC_LITERAL_CONVERSION = YES;
				CLANG_WARN_OBJC_ROOT_CLASS = YES_ERROR;
				CLANG_WARN_QUOTED_INCLUDE_IN_FRAMEWORK_HEADER = YES;
				CLANG_WARN_RANGE_LOOP_ANALYSIS = YES;
				CLANG_WARN_STRICT_PROTOTYPES = YES;
				CLANG_WARN_SUSPICIOUS_MOVE = YES;
				CLANG_WARN_UNGUARDED_AVAILABILITY = YES_AGGRESSIVE;
				CLANG_WARN_UNREACHABLE_CODE = YES;
				CLANG_WARN__DUPLICATE_METHOD_MATCH = YES;
				COPY_PHASE_STRIP = NO;
				DEBUG_INFORMATION_FORMAT = "dwarf-with-dsym";
				ENABLE_BITCODE = NO;
				ENABLE_NS_ASSERTIONS = NO;
				ENABLE_STRICT_OBJC_MSGSEND = YES;
				GCC_C_LANGUAGE_STANDARD = gnu11;
				GCC_NO_COMMON_BLOCKS = YES;
				GCC_WARN_64_TO_32_BIT_CONVERSION = YES;
				GCC_WARN_ABOUT_RETURN_TYPE = YES_ERROR;
				GCC_WARN_UNDECLARED_SELECTOR = YES;
				GCC_WARN_UNINITIALIZED_AUTOS = YES_AGGRESSIVE;
				GCC_WARN_UNUSED_FUNCTION = YES;
				GCC_WARN_UNUSED_VARIABLE = YES;
				IPHONEOS_DEPLOYMENT_TARGET = 15.0;
				MTL_ENABLE_DEBUG_INFO = NO;
				MTL_FAST_MATH = YES;
				SDKROOT = iphoneos;
				SWIFT_COMPILATION_MODE = wholemodule;
				SWIFT_OPTIMIZATION_LEVEL = "-O";
				VALIDATE_PRODUCT = YES;
			};
			name = Release;
		};
		91C851E0279FD1CB002C4B55 /* Debug */ = {
			isa = XCBuildConfiguration;
			buildSettings = {
				ASSETCATALOG_COMPILER_APPICON_NAME = AppIcon;
				ASSETCATALOG_COMPILER_GLOBAL_ACCENT_COLOR_NAME = AccentColor;
				CODE_SIGN_STYLE = Automatic;
				CURRENT_PROJECT_VERSION = 1;
				DEVELOPMENT_TEAM = DQ232CBKHS;
				GENERATE_INFOPLIST_FILE = YES;
				INFOPLIST_FILE = DataChannelSample/Info.plist;
				INFOPLIST_KEY_UIApplicationSupportsIndirectInputEvents = YES;
				INFOPLIST_KEY_UILaunchStoryboardName = LaunchScreen;
				INFOPLIST_KEY_UIMainStoryboardFile = Main;
				INFOPLIST_KEY_UISupportedInterfaceOrientations_iPad = "UIInterfaceOrientationPortrait UIInterfaceOrientationPortraitUpsideDown UIInterfaceOrientationLandscapeLeft UIInterfaceOrientationLandscapeRight";
				INFOPLIST_KEY_UISupportedInterfaceOrientations_iPhone = "UIInterfaceOrientationPortrait UIInterfaceOrientationLandscapeLeft UIInterfaceOrientationLandscapeRight";
				LD_RUNPATH_SEARCH_PATHS = (
					"$(inherited)",
					"@executable_path/Frameworks",
				);
				MARKETING_VERSION = 1.0;
				PRODUCT_BUNDLE_IDENTIFIER = jp.shiguredo.DataChannelSample;
				PRODUCT_NAME = "$(TARGET_NAME)";
				SWIFT_EMIT_LOC_STRINGS = YES;
				SWIFT_VERSION = 5.0;
				TARGETED_DEVICE_FAMILY = "1,2";
			};
			name = Debug;
		};
		91C851E1279FD1CB002C4B55 /* Release */ = {
			isa = XCBuildConfiguration;
			buildSettings = {
				ASSETCATALOG_COMPILER_APPICON_NAME = AppIcon;
				ASSETCATALOG_COMPILER_GLOBAL_ACCENT_COLOR_NAME = AccentColor;
				CODE_SIGN_STYLE = Automatic;
				CURRENT_PROJECT_VERSION = 1;
				DEVELOPMENT_TEAM = DQ232CBKHS;
				GENERATE_INFOPLIST_FILE = YES;
				INFOPLIST_FILE = DataChannelSample/Info.plist;
				INFOPLIST_KEY_UIApplicationSupportsIndirectInputEvents = YES;
				INFOPLIST_KEY_UILaunchStoryboardName = LaunchScreen;
				INFOPLIST_KEY_UIMainStoryboardFile = Main;
				INFOPLIST_KEY_UISupportedInterfaceOrientations_iPad = "UIInterfaceOrientationPortrait UIInterfaceOrientationPortraitUpsideDown UIInterfaceOrientationLandscapeLeft UIInterfaceOrientationLandscapeRight";
				INFOPLIST_KEY_UISupportedInterfaceOrientations_iPhone = "UIInterfaceOrientationPortrait UIInterfaceOrientationLandscapeLeft UIInterfaceOrientationLandscapeRight";
				LD_RUNPATH_SEARCH_PATHS = (
					"$(inherited)",
					"@executable_path/Frameworks",
				);
				MARKETING_VERSION = 1.0;
				PRODUCT_BUNDLE_IDENTIFIER = jp.shiguredo.DataChannelSample;
				PRODUCT_NAME = "$(TARGET_NAME)";
				SWIFT_EMIT_LOC_STRINGS = YES;
				SWIFT_VERSION = 5.0;
				TARGETED_DEVICE_FAMILY = "1,2";
			};
			name = Release;
		};
/* End XCBuildConfiguration section */

/* Begin XCConfigurationList section */
		91C851C6279FD1CA002C4B55 /* Build configuration list for PBXProject "DataChannelSample" */ = {
			isa = XCConfigurationList;
			buildConfigurations = (
				91C851DD279FD1CB002C4B55 /* Debug */,
				91C851DE279FD1CB002C4B55 /* Release */,
			);
			defaultConfigurationIsVisible = 0;
			defaultConfigurationName = Release;
		};
		91C851DF279FD1CB002C4B55 /* Build configuration list for PBXNativeTarget "DataChannelSample" */ = {
			isa = XCConfigurationList;
			buildConfigurations = (
				91C851E0279FD1CB002C4B55 /* Debug */,
				91C851E1279FD1CB002C4B55 /* Release */,
			);
			defaultConfigurationIsVisible = 0;
			defaultConfigurationName = Release;
		};
/* End XCConfigurationList section */
	};
	rootObject = 91C851C3279FD1CA002C4B55 /* Project object */;
}
