{
  "originHash" : "e455fcd975cb90bdbfadde55ebc36f513407453ddbe068d2834a77722ae0d43d",
  "pins" : [
    {
      "identity" : "sora-ios-sdk",
      "kind" : "remoteSourceControl",
      "location" : "https://github.com/shiguredo/sora-ios-sdk",
      "state" : {
        "revision" : "53b0a5c2b18106d28e1577445da5d18865a38417",
        "version" : "2025.1.2"
      }
    },
    {
      "identity" : "swiftlintplugins",
      "kind" : "remoteSourceControl",
      "location" : "https://github.com/SimplyDanny/SwiftLintPlugins",
      "state" : {
        "revision" : "8545ddf4de043e6f2051c5cf204f39ef778ebf6b",
        "version" : "0.59.1"
      }
    }
  ],
  "version" : 3
}
