// !$*UTF8*$!
{
	archiveVersion = 1;
	classes = {
	};
	objectVersion = 54;
	objects = {

/* Begin PBXBuildFile section */
		35DC8E9027A384BE000B0ED7 /* Environment.swift in Sources */ = {isa = PBXBuildFile; fileRef = 35DC8E8F27A384BE000B0ED7 /* Environment.swift */; };
		91483A3E264E5304009CA66E /* AppDelegate.swift in Sources */ = {isa = PBXBuildFile; fileRef = 91483A3D264E5304009CA66E /* AppDelegate.swift */; };
		91483A40264E5304009CA66E /* SceneDelegate.swift in Sources */ = {isa = PBXBuildFile; fileRef = 91483A3F264E5304009CA66E /* SceneDelegate.swift */; };
		91483A45264E5304009CA66E /* Main.storyboard in Resources */ = {isa = PBXBuildFile; fileRef = 91483A43264E5304009CA66E /* Main.storyboard */; };
		91483A47264E5305009CA66E /* Assets.xcassets in Resources */ = {isa = PBXBuildFile; fileRef = 91483A46264E5305009CA66E /* Assets.xcassets */; };
		91483A4A264E5305009CA66E /* LaunchScreen.storyboard in Resources */ = {isa = PBXBuildFile; fileRef = 91483A48264E5305009CA66E /* LaunchScreen.storyboard */; };
		91483A5D264E5799009CA66E /* InfoPlist.strings in Resources */ = {isa = PBXBuildFile; fileRef = 91483A58264E5799009CA66E /* InfoPlist.strings */; };
		91483A5E264E5799009CA66E /* ConfigViewController.swift in Sources */ = {isa = PBXBuildFile; fileRef = 91483A5A264E5799009CA66E /* ConfigViewController.swift */; };
		91483A5F264E5799009CA66E /* SoraSDKManager.swift in Sources */ = {isa = PBXBuildFile; fileRef = 91483A5B264E5799009CA66E /* SoraSDKManager.swift */; };
		91483A60264E5799009CA66E /* VideoChatRoomViewController.swift in Sources */ = {isa = PBXBuildFile; fileRef = 91483A5C264E5799009CA66E /* VideoChatRoomViewController.swift */; };
		91483A62264E61C3009CA66E /* README.md in Resources */ = {isa = PBXBuildFile; fileRef = 91483A61264E61C3009CA66E /* README.md */; };
		B3CDDD5E2D5DFA9A002E4981 /* Sora in Frameworks */ = {isa = PBXBuildFile; productRef = B3CDDD5D2D5DFA9A002E4981 /* Sora */; };
		B3CDDD602D5DFA9A002E4981 /* WebRTC in Frameworks */ = {isa = PBXBuildFile; productRef = B3CDDD5F2D5DFA9A002E4981 /* WebRTC */; };
/* End PBXBuildFile section */

/* Begin PBXFileReference section */
		35DC8E8F27A384BE000B0ED7 /* Environment.swift */ = {isa = PBXFileReference; fileEncoding = 4; lastKnownFileType = sourcecode.swift; path = Environment.swift; sourceTree = "<group>"; };
		91483A3A264E5304009CA66E /* SimulcastSample.app */ = {isa = PBXFileReference; explicitFileType = wrapper.application; includeInIndex = 0; path = SimulcastSample.app; sourceTree = BUILT_PRODUCTS_DIR; };
		91483A3D264E5304009CA66E /* AppDelegate.swift */ = {isa = PBXFileReference; lastKnownFileType = sourcecode.swift; path = AppDelegate.swift; sourceTree = "<group>"; };
		91483A3F264E5304009CA66E /* SceneDelegate.swift */ = {isa = PBXFileReference; lastKnownFileType = sourcecode.swift; path = SceneDelegate.swift; sourceTree = "<group>"; };
		91483A44264E5304009CA66E /* Base */ = {isa = PBXFileReference; lastKnownFileType = file.storyboard; name = Base; path = Base.lproj/Main.storyboard; sourceTree = "<group>"; };
		91483A46264E5305009CA66E /* Assets.xcassets */ = {isa = PBXFileReference; lastKnownFileType = folder.assetcatalog; path = Assets.xcassets; sourceTree = "<group>"; };
		91483A49264E5305009CA66E /* Base */ = {isa = PBXFileReference; lastKnownFileType = file.storyboard; name = Base; path = Base.lproj/LaunchScreen.storyboard; sourceTree = "<group>"; };
		91483A4B264E5305009CA66E /* Info.plist */ = {isa = PBXFileReference; lastKnownFileType = text.plist.xml; path = Info.plist; sourceTree = "<group>"; };
		91483A51264E53EC009CA66E /* Podfile */ = {isa = PBXFileReference; lastKnownFileType = text; path = Podfile; sourceTree = SOURCE_ROOT; };
		91483A58264E5799009CA66E /* InfoPlist.strings */ = {isa = PBXFileReference; fileEncoding = 4; lastKnownFileType = text.plist.strings; path = InfoPlist.strings; sourceTree = "<group>"; };
		91483A5A264E5799009CA66E /* ConfigViewController.swift */ = {isa = PBXFileReference; fileEncoding = 4; lastKnownFileType = sourcecode.swift; path = ConfigViewController.swift; sourceTree = "<group>"; };
		91483A5B264E5799009CA66E /* SoraSDKManager.swift */ = {isa = PBXFileReference; fileEncoding = 4; lastKnownFileType = sourcecode.swift; path = SoraSDKManager.swift; sourceTree = "<group>"; };
		91483A5C264E5799009CA66E /* VideoChatRoomViewController.swift */ = {isa = PBXFileReference; fileEncoding = 4; lastKnownFileType = sourcecode.swift; path = VideoChatRoomViewController.swift; sourceTree = "<group>"; };
		91483A61264E61C3009CA66E /* README.md */ = {isa = PBXFileReference; fileEncoding = 4; lastKnownFileType = net.daringfireball.markdown; path = README.md; sourceTree = SOURCE_ROOT; };
/* End PBXFileReference section */

/* Begin PBXFrameworksBuildPhase section */
		91483A37264E5304009CA66E /* Frameworks */ = {
			isa = PBXFrameworksBuildPhase;
			buildActionMask = 2147483647;
			files = (
				B3CDDD5E2D5DFA9A002E4981 /* Sora in Frameworks */,
				B3CDDD602D5DFA9A002E4981 /* WebRTC in Frameworks */,
			);
			runOnlyForDeploymentPostprocessing = 0;
		};
/* End PBXFrameworksBuildPhase section */

/* Begin PBXGroup section */
		91483A31264E5304009CA66E = {
			isa = PBXGroup;
			children = (
				91483A3C264E5304009CA66E /* SimulcastSample */,
				91483A3B264E5304009CA66E /* Products */,
			);
			sourceTree = "<group>";
		};
		91483A3B264E5304009CA66E /* Products */ = {
			isa = PBXGroup;
			children = (
				91483A3A264E5304009CA66E /* SimulcastSample.app */,
			);
			name = Products;
			sourceTree = "<group>";
		};
		91483A3C264E5304009CA66E /* SimulcastSample */ = {
			isa = PBXGroup;
			children = (
				91483A61264E61C3009CA66E /* README.md */,
				91483A51264E53EC009CA66E /* Podfile */,
				91483A4B264E5305009CA66E /* Info.plist */,
				91483A58264E5799009CA66E /* InfoPlist.strings */,
				91483A3D264E5304009CA66E /* AppDelegate.swift */,
				91483A3F264E5304009CA66E /* SceneDelegate.swift */,
				35DC8E8F27A384BE000B0ED7 /* Environment.swift */,
				91483A46264E5305009CA66E /* Assets.xcassets */,
				91483A59264E5799009CA66E /* Classes */,
				91483A48264E5305009CA66E /* LaunchScreen.storyboard */,
				91483A43264E5304009CA66E /* Main.storyboard */,
			);
			path = SimulcastSample;
			sourceTree = "<group>";
		};
		91483A59264E5799009CA66E /* Classes */ = {
			isa = PBXGroup;
			children = (
				91483A5A264E5799009CA66E /* ConfigViewController.swift */,
				91483A5B264E5799009CA66E /* SoraSDKManager.swift */,
				91483A5C264E5799009CA66E /* VideoChatRoomViewController.swift */,
			);
			path = Classes;
			sourceTree = "<group>";
		};
/* End PBXGroup section */

/* Begin PBXNativeTarget section */
		91483A39264E5304009CA66E /* SimulcastSample */ = {
			isa = PBXNativeTarget;
			buildConfigurationList = 91483A4E264E5305009CA66E /* Build configuration list for PBXNativeTarget "SimulcastSample" */;
			buildPhases = (
				91951421275759BE0042A440 /* Run SwiftFormat */,
				91951422275759CA0042A440 /* Run SwiftLint */,
				91483A36264E5304009CA66E /* Sources */,
				91483A37264E5304009CA66E /* Frameworks */,
				91483A38264E5304009CA66E /* Resources */,
			);
			buildRules = (
			);
			dependencies = (
			);
			name = SimulcastSample;
			productName = SimulcastSample;
			productReference = 91483A3A264E5304009CA66E /* SimulcastSample.app */;
			productType = "com.apple.product-type.application";
		};
/* End PBXNativeTarget section */

/* Begin PBXProject section */
		91483A32264E5304009CA66E /* Project object */ = {
			isa = PBXProject;
			attributes = {
				LastSwiftUpdateCheck = 1250;
				LastUpgradeCheck = 1250;
				TargetAttributes = {
					91483A39264E5304009CA66E = {
						CreatedOnToolsVersion = 12.5;
					};
				};
			};
			buildConfigurationList = 91483A35264E5304009CA66E /* Build configuration list for PBXProject "SimulcastSample" */;
			compatibilityVersion = "Xcode 9.3";
			developmentRegion = en;
			hasScannedForEncodings = 0;
			knownRegions = (
				en,
				Base,
			);
			mainGroup = 91483A31264E5304009CA66E;
			packageReferences = (
				B3CDDD5C2D5DFA9A002E4981 /* XCRemoteSwiftPackageReference "sora-ios-sdk" */,
			);
			productRefGroup = 91483A3B264E5304009CA66E /* Products */;
			projectDirPath = "";
			projectRoot = "";
			targets = (
				91483A39264E5304009CA66E /* SimulcastSample */,
			);
		};
/* End PBXProject section */

/* Begin PBXResourcesBuildPhase section */
		91483A38264E5304009CA66E /* Resources */ = {
			isa = PBXResourcesBuildPhase;
			buildActionMask = 2147483647;
			files = (
				91483A4A264E5305009CA66E /* LaunchScreen.storyboard in Resources */,
				91483A5D264E5799009CA66E /* InfoPlist.strings in Resources */,
				91483A62264E61C3009CA66E /* README.md in Resources */,
				91483A47264E5305009CA66E /* Assets.xcassets in Resources */,
				91483A45264E5304009CA66E /* Main.storyboard in Resources */,
			);
			runOnlyForDeploymentPostprocessing = 0;
		};
/* End PBXResourcesBuildPhase section */

/* Begin PBXShellScriptBuildPhase section */
		91951421275759BE0042A440 /* Run SwiftFormat */ = {
			isa = PBXShellScriptBuildPhase;
			buildActionMask = 2147483647;
			files = (
			);
			inputFileListPaths = (
			);
			inputPaths = (
			);
			name = "Run SwiftFormat";
			outputFileListPaths = (
			);
			outputPaths = (
			);
			runOnlyForDeploymentPostprocessing = 0;
			shellPath = /bin/sh;
			shellScript = "if which \"${PODS_ROOT}/SwiftFormat/CommandLineTool/swiftformat\" >/dev/null; then\n  \"${PODS_ROOT}/SwiftFormat/CommandLineTool/swiftformat\"  \"$SRCROOT\"\nelse\n  echo \"warning: SwiftFormat not installed, download from https://github.com/nicklockwood/SwiftFormat\"\nfi\n";
		};
		91951422275759CA0042A440 /* Run SwiftLint */ = {
			isa = PBXShellScriptBuildPhase;
			buildActionMask = 2147483647;
			files = (
			);
			inputFileListPaths = (
			);
			inputPaths = (
			);
			name = "Run SwiftLint";
			outputFileListPaths = (
			);
			outputPaths = (
			);
			runOnlyForDeploymentPostprocessing = 0;
			shellPath = /bin/sh;
			shellScript = "if which \"${PODS_ROOT}/SwiftLint/swiftlint\" >/dev/null; then\n    ${PODS_ROOT}/SwiftLint/swiftlint --fix\n    ${PODS_ROOT}/SwiftLint/swiftlint\nelse\n    echo \"warning: SwiftLint not installed, download from https://github.com/realm/SwiftLint\"\nfi\n";
		};
/* End PBXShellScriptBuildPhase section */

/* Begin PBXSourcesBuildPhase section */
		91483A36264E5304009CA66E /* Sources */ = {
			isa = PBXSourcesBuildPhase;
			buildActionMask = 2147483647;
			files = (
				91483A3E264E5304009CA66E /* AppDelegate.swift in Sources */,
				35DC8E9027A384BE000B0ED7 /* Environment.swift in Sources */,
				91483A5F264E5799009CA66E /* SoraSDKManager.swift in Sources */,
				91483A60264E5799009CA66E /* VideoChatRoomViewController.swift in Sources */,
				91483A40264E5304009CA66E /* SceneDelegate.swift in Sources */,
				91483A5E264E5799009CA66E /* ConfigViewController.swift in Sources */,
			);
			runOnlyForDeploymentPostprocessing = 0;
		};
/* End PBXSourcesBuildPhase section */

/* Begin PBXVariantGroup section */
		91483A43264E5304009CA66E /* Main.storyboard */ = {
			isa = PBXVariantGroup;
			children = (
				91483A44264E5304009CA66E /* Base */,
			);
			name = Main.storyboard;
			sourceTree = "<group>";
		};
		91483A48264E5305009CA66E /* LaunchScreen.storyboard */ = {
			isa = PBXVariantGroup;
			children = (
				91483A49264E5305009CA66E /* Base */,
			);
			name = LaunchScreen.storyboard;
			sourceTree = "<group>";
		};
/* End PBXVariantGroup section */

/* Begin XCBuildConfiguration section */
		91483A4C264E5305009CA66E /* Debug */ = {
			isa = XCBuildConfiguration;
			buildSettings = {
				ALWAYS_SEARCH_USER_PATHS = NO;
				CLANG_ANALYZER_NONNULL = YES;
				CLANG_ANALYZER_NUMBER_OBJECT_CONVERSION = YES_AGGRESSIVE;
				CLANG_CXX_LANGUAGE_STANDARD = "gnu++14";
				CLANG_CXX_LIBRARY = "libc++";
				CLANG_ENABLE_MODULES = YES;
				CLANG_ENABLE_OBJC_ARC = YES;
				CLANG_ENABLE_OBJC_WEAK = YES;
				CLANG_WARN_BLOCK_CAPTURE_AUTORELEASING = YES;
				CLANG_WARN_BOOL_CONVERSION = YES;
				CLANG_WARN_COMMA = YES;
				CLANG_WARN_CONSTANT_CONVERSION = YES;
				CLANG_WARN_DEPRECATED_OBJC_IMPLEMENTATIONS = YES;
				CLANG_WARN_DIRECT_OBJC_ISA_USAGE = YES_ERROR;
				CLANG_WARN_DOCUMENTATION_COMMENTS = YES;
				CLANG_WARN_EMPTY_BODY = YES;
				CLANG_WARN_ENUM_CONVERSION = YES;
				CLANG_WARN_INFINITE_RECURSION = YES;
				CLANG_WARN_INT_CONVERSION = YES;
				CLANG_WARN_NON_LITERAL_NULL_CONVERSION = YES;
				CLANG_WARN_OBJC_IMPLICIT_RETAIN_SELF = YES;
				CLANG_WARN_OBJC_LITERAL_CONVERSION = YES;
				CLANG_WARN_OBJC_ROOT_CLASS = YES_ERROR;
				CLANG_WARN_QUOTED_INCLUDE_IN_FRAMEWORK_HEADER = YES;
				CLANG_WARN_RANGE_LOOP_ANALYSIS = YES;
				CLANG_WARN_STRICT_PROTOTYPES = YES;
				CLANG_WARN_SUSPICIOUS_MOVE = YES;
				CLANG_WARN_UNGUARDED_AVAILABILITY = YES_AGGRESSIVE;
				CLANG_WARN_UNREACHABLE_CODE = YES;
				CLANG_WARN__DUPLICATE_METHOD_MATCH = YES;
				COPY_PHASE_STRIP = NO;
				DEBUG_INFORMATION_FORMAT = dwarf;
				ENABLE_STRICT_OBJC_MSGSEND = YES;
				ENABLE_TESTABILITY = YES;
				GCC_C_LANGUAGE_STANDARD = gnu11;
				GCC_DYNAMIC_NO_PIC = NO;
				GCC_NO_COMMON_BLOCKS = YES;
				GCC_OPTIMIZATION_LEVEL = 0;
				GCC_PREPROCESSOR_DEFINITIONS = (
					"DEBUG=1",
					"$(inherited)",
				);
				GCC_WARN_64_TO_32_BIT_CONVERSION = YES;
				GCC_WARN_ABOUT_RETURN_TYPE = YES_ERROR;
				GCC_WARN_UNDECLARED_SELECTOR = YES;
				GCC_WARN_UNINITIALIZED_AUTOS = YES_AGGRESSIVE;
				GCC_WARN_UNUSED_FUNCTION = YES;
				GCC_WARN_UNUSED_VARIABLE = YES;
				IPHONEOS_DEPLOYMENT_TARGET = 15.0;
				MTL_ENABLE_DEBUG_INFO = INCLUDE_SOURCE;
				MTL_FAST_MATH = YES;
				ONLY_ACTIVE_ARCH = YES;
				SDKROOT = iphoneos;
				SWIFT_ACTIVE_COMPILATION_CONDITIONS = DEBUG;
				SWIFT_OPTIMIZATION_LEVEL = "-Onone";
			};
			name = Debug;
		};
		91483A4D264E5305009CA66E /* Release */ = {
			isa = XCBuildConfiguration;
			buildSettings = {
				ALWAYS_SEARCH_USER_PATHS = NO;
				CLANG_ANALYZER_NONNULL = YES;
				CLANG_ANALYZER_NUMBER_OBJECT_CONVERSION = YES_AGGRESSIVE;
				CLANG_CXX_LANGUAGE_STANDARD = "gnu++14";
				CLANG_CXX_LIBRARY = "libc++";
				CLANG_ENABLE_MODULES = YES;
				CLANG_ENABLE_OBJC_ARC = YES;
				CLANG_ENABLE_OBJC_WEAK = YES;
				CLANG_WARN_BLOCK_CAPTURE_AUTORELEASING = YES;
				CLANG_WARN_BOOL_CONVERSION = YES;
				CLANG_WARN_COMMA = YES;
				CLANG_WARN_CONSTANT_CONVERSION = YES;
				CLANG_WARN_DEPRECATED_OBJC_IMPLEMENTATIONS = YES;
				CLANG_WARN_DIRECT_OBJC_ISA_USAGE = YES_ERROR;
				CLANG_WARN_DOCUMENTATION_COMMENTS = YES;
				CLANG_WARN_EMPTY_BODY = YES;
				CLANG_WARN_ENUM_CONVERSION = YES;
				CLANG_WARN_INFINITE_RECURSION = YES;
				CLANG_WARN_INT_CONVERSION = YES;
				CLANG_WARN_NON_LITERAL_NULL_CONVERSION = YES;
				CLANG_WARN_OBJC_IMPLICIT_RETAIN_SELF = YES;
				CLANG_WARN_OBJC_LITERAL_CONVERSION = YES;
				CLANG_WARN_OBJC_ROOT_CLASS = YES_ERROR;
				CLANG_WARN_QUOTED_INCLUDE_IN_FRAMEWORK_HEADER = YES;
				CLANG_WARN_RANGE_LOOP_ANALYSIS = YES;
				CLANG_WARN_STRICT_PROTOTYPES = YES;
				CLANG_WARN_SUSPICIOUS_MOVE = YES;
				CLANG_WARN_UNGUARDED_AVAILABILITY = YES_AGGRESSIVE;
				CLANG_WARN_UNREACHABLE_CODE = YES;
				CLANG_WARN__DUPLICATE_METHOD_MATCH = YES;
				COPY_PHASE_STRIP = NO;
				DEBUG_INFORMATION_FORMAT = "dwarf-with-dsym";
				ENABLE_NS_ASSERTIONS = NO;
				ENABLE_STRICT_OBJC_MSGSEND = YES;
				GCC_C_LANGUAGE_STANDARD = gnu11;
				GCC_NO_COMMON_BLOCKS = YES;
				GCC_WARN_64_TO_32_BIT_CONVERSION = YES;
				GCC_WARN_ABOUT_RETURN_TYPE = YES_ERROR;
				GCC_WARN_UNDECLARED_SELECTOR = YES;
				GCC_WARN_UNINITIALIZED_AUTOS = YES_AGGRESSIVE;
				GCC_WARN_UNUSED_FUNCTION = YES;
				GCC_WARN_UNUSED_VARIABLE = YES;
				IPHONEOS_DEPLOYMENT_TARGET = 15.0;
				MTL_ENABLE_DEBUG_INFO = NO;
				MTL_FAST_MATH = YES;
				SDKROOT = iphoneos;
				SWIFT_COMPILATION_MODE = wholemodule;
				SWIFT_OPTIMIZATION_LEVEL = "-O";
				VALIDATE_PRODUCT = YES;
			};
			name = Release;
		};
		91483A4F264E5305009CA66E /* Debug */ = {
			isa = XCBuildConfiguration;
			buildSettings = {
				ASSETCATALOG_COMPILER_APPICON_NAME = AppIcon;
				ASSETCATALOG_COMPILER_GLOBAL_ACCENT_COLOR_NAME = AccentColor;
				CODE_SIGN_STYLE = Automatic;
				DEVELOPMENT_TEAM = DQ232CBKHS;
				INFOPLIST_FILE = SimulcastSample/Info.plist;
				LD_RUNPATH_SEARCH_PATHS = (
					"$(inherited)",
					"@executable_path/Frameworks",
				);
				PRODUCT_BUNDLE_IDENTIFIER = jp.shiguredo.sora.sdk.samples.SimulcastSample;
				PRODUCT_NAME = "$(TARGET_NAME)";
				SWIFT_VERSION = 5.0;
				TARGETED_DEVICE_FAMILY = "1,2";
			};
			name = Debug;
		};
		91483A50264E5305009CA66E /* Release */ = {
			isa = XCBuildConfiguration;
			buildSettings = {
				ASSETCATALOG_COMPILER_APPICON_NAME = AppIcon;
				ASSETCATALOG_COMPILER_GLOBAL_ACCENT_COLOR_NAME = AccentColor;
				CODE_SIGN_STYLE = Automatic;
				DEVELOPMENT_TEAM = DQ232CBKHS;
				INFOPLIST_FILE = SimulcastSample/Info.plist;
				LD_RUNPATH_SEARCH_PATHS = (
					"$(inherited)",
					"@executable_path/Frameworks",
				);
				PRODUCT_BUNDLE_IDENTIFIER = jp.shiguredo.sora.sdk.samples.SimulcastSample;
				PRODUCT_NAME = "$(TARGET_NAME)";
				SWIFT_VERSION = 5.0;
				TARGETED_DEVICE_FAMILY = "1,2";
			};
			name = Release;
		};
/* End XCBuildConfiguration section */

/* Begin XCConfigurationList section */
		91483A35264E5304009CA66E /* Build configuration list for PBXProject "SimulcastSample" */ = {
			isa = XCConfigurationList;
			buildConfigurations = (
				91483A4C264E5305009CA66E /* Debug */,
				91483A4D264E5305009CA66E /* Release */,
			);
			defaultConfigurationIsVisible = 0;
			defaultConfigurationName = Release;
		};
		91483A4E264E5305009CA66E /* Build configuration list for PBXNativeTarget "SimulcastSample" */ = {
			isa = XCConfigurationList;
			buildConfigurations = (
				91483A4F264E5305009CA66E /* Debug */,
				91483A50264E5305009CA66E /* Release */,
			);
			defaultConfigurationIsVisible = 0;
			defaultConfigurationName = Release;
		};
/* End XCConfigurationList section */

/* Begin XCRemoteSwiftPackageReference section */
		B3CDDD5C2D5DFA9A002E4981 /* XCRemoteSwiftPackageReference "sora-ios-sdk" */ = {
			isa = XCRemoteSwiftPackageReference;
			repositoryURL = "https://github.com/shiguredo/sora-ios-sdk";
			requirement = {
				kind = upToNextMajorVersion;
				minimumVersion = 2025.1.1;
			};
		};
/* End XCRemoteSwiftPackageReference section */

/* Begin XCSwiftPackageProductDependency section */
		B3CDDD5D2D5DFA9A002E4981 /* Sora */ = {
			isa = XCSwiftPackageProductDependency;
			package = B3CDDD5C2D5DFA9A002E4981 /* XCRemoteSwiftPackageReference "sora-ios-sdk" */;
			productName = Sora;
		};
		B3CDDD5F2D5DFA9A002E4981 /* WebRTC */ = {
			isa = XCSwiftPackageProductDependency;
			package = B3CDDD5C2D5DFA9A002E4981 /* XCRemoteSwiftPackageReference "sora-ios-sdk" */;
			productName = WebRTC;
		};
/* End XCSwiftPackageProductDependency section */
	};
	rootObject = 91483A32264E5304009CA66E /* Project object */;
}
