// !$*UTF8*$!
{
	archiveVersion = 1;
	classes = {
	};
	objectVersion = 77;
	objects = {

/* Begin PBXBuildFile section */
		B35E1B852CA3BFDA0013DCBC /* Sora in Frameworks */ = {isa = PBXBuildFile; productRef = B35E1B842CA3BFDA0013DCBC /* Sora */; };
		B35E1B872CA3BFDA0013DCBC /* WebRTC in Frameworks */ = {isa = PBXBuildFile; productRef = B35E1B862CA3BFDA0013DCBC /* WebRTC */; };
/* End PBXBuildFile section */

/* Begin PBXContainerItemProxy section */
		B30ADA102CA3AAF700B34FB1 /* PBXContainerItemProxy */ = {
			isa = PBXContainerItemProxy;
			containerPortal = B30AD9F72CA3AAF600B34FB1 /* Project object */;
			proxyType = 1;
			remoteGlobalIDString = B30AD9FE2CA3AAF600B34FB1;
			remoteInfo = SoraiOSSwiftUI;
		};
		B30ADA1A2CA3AAF700B34FB1 /* PBXContainerItemProxy */ = {
			isa = PBXContainerItemProxy;
			containerPortal = B30AD9F72CA3AAF600B34FB1 /* Project object */;
			proxyType = 1;
			remoteGlobalIDString = B30AD9FE2CA3AAF600B34FB1;
			remoteInfo = SoraiOSSwiftUI;
		};
/* End PBXContainerItemProxy section */

/* Begin PBXFileReference section */
		B30AD9FF2CA3AAF600B34FB1 /* SoraiOSSwiftUI.app */ = {isa = PBXFileReference; explicitFileType = wrapper.application; includeInIndex = 0; path = SoraiOSSwiftUI.app; sourceTree = BUILT_PRODUCTS_DIR; };
		B30ADA0F2CA3AAF700B34FB1 /* SoraiOSSwiftUITests.xctest */ = {isa = PBXFileReference; explicitFileType = wrapper.cfbundle; includeInIndex = 0; path = SoraiOSSwiftUITests.xctest; sourceTree = BUILT_PRODUCTS_DIR; };
		B30ADA192CA3AAF700B34FB1 /* SoraiOSSwiftUIUITests.xctest */ = {isa = PBXFileReference; explicitFileType = wrapper.cfbundle; includeInIndex = 0; path = SoraiOSSwiftUIUITests.xctest; sourceTree = BUILT_PRODUCTS_DIR; };
/* End PBXFileReference section */

/* Begin PBXFileSystemSynchronizedBuildFileExceptionSet section */
		B301E48E2CA50B0900775259 /* Exceptions for "SoraiOSSwiftUI" folder in "SoraiOSSwiftUI" target */ = {
			isa = PBXFileSystemSynchronizedBuildFileExceptionSet;
			membershipExceptions = (
				AppEnvironment.example.swift,
			);
			target = B30AD9FE2CA3AAF600B34FB1 /* SoraiOSSwiftUI */;
		};
/* End PBXFileSystemSynchronizedBuildFileExceptionSet section */

/* Begin PBXFileSystemSynchronizedRootGroup section */
		B30ADA012CA3AAF600B34FB1 /* SoraiOSSwiftUI */ = {
			isa = PBXFileSystemSynchronizedRootGroup;
			exceptions = (
				B301E48E2CA50B0900775259 /* Exceptions for "SoraiOSSwiftUI" folder in "SoraiOSSwiftUI" target */,
			);
			path = SoraiOSSwiftUI;
			sourceTree = "<group>";
		};
		B30ADA122CA3AAF700B34FB1 /* SoraiOSSwiftUITests */ = {
			isa = PBXFileSystemSynchronizedRootGroup;
			path = SoraiOSSwiftUITests;
			sourceTree = "<group>";
		};
		B30ADA1C2CA3AAF700B34FB1 /* SoraiOSSwiftUIUITests */ = {
			isa = PBXFileSystemSynchronizedRootGroup;
			path = SoraiOSSwiftUIUITests;
			sourceTree = "<group>";
		};
/* End PBXFileSystemSynchronizedRootGroup section */

/* Begin PBXFrameworksBuildPhase section */
		B30AD9FC2CA3AAF600B34FB1 /* Frameworks */ = {
			isa = PBXFrameworksBuildPhase;
			buildActionMask = 2147483647;
			files = (
				B35E1B852CA3BFDA0013DCBC /* Sora in Frameworks */,
				B35E1B872CA3BFDA0013DCBC /* WebRTC in Frameworks */,
			);
			runOnlyForDeploymentPostprocessing = 0;
		};
		B30ADA0C2CA3AAF700B34FB1 /* Frameworks */ = {
			isa = PBXFrameworksBuildPhase;
			buildActionMask = 2147483647;
			files = (
			);
			runOnlyForDeploymentPostprocessing = 0;
		};
		B30ADA162CA3AAF700B34FB1 /* Frameworks */ = {
			isa = PBXFrameworksBuildPhase;
			buildActionMask = 2147483647;
			files = (
			);
			runOnlyForDeploymentPostprocessing = 0;
		};
/* End PBXFrameworksBuildPhase section */

/* Begin PBXGroup section */
		B30AD9F62CA3AAF600B34FB1 = {
			isa = PBXGroup;
			children = (
				B30ADA012CA3AAF600B34FB1 /* SoraiOSSwiftUI */,
				B30ADA122CA3AAF700B34FB1 /* SoraiOSSwiftUITests */,
				B30ADA1C2CA3AAF700B34FB1 /* SoraiOSSwiftUIUITests */,
				B30ADA002CA3AAF600B34FB1 /* Products */,
			);
			sourceTree = "<group>";
		};
		B30ADA002CA3AAF600B34FB1 /* Products */ = {
			isa = PBXGroup;
			children = (
				B30AD9FF2CA3AAF600B34FB1 /* SoraiOSSwiftUI.app */,
				B30ADA0F2CA3AAF700B34FB1 /* SoraiOSSwiftUITests.xctest */,
				B30ADA192CA3AAF700B34FB1 /* SoraiOSSwiftUIUITests.xctest */,
			);
			name = Products;
			sourceTree = "<group>";
		};
/* End PBXGroup section */

/* Begin PBXNativeTarget section */
		B30AD9FE2CA3AAF600B34FB1 /* SoraiOSSwiftUI */ = {
			isa = PBXNativeTarget;
			buildConfigurationList = B30ADA232CA3AAF700B34FB1 /* Build configuration list for PBXNativeTarget "SoraiOSSwiftUI" */;
			buildPhases = (
				B30AD9FB2CA3AAF600B34FB1 /* Sources */,
				B30AD9FC2CA3AAF600B34FB1 /* Frameworks */,
				B30AD9FD2CA3AAF600B34FB1 /* Resources */,
			);
			buildRules = (
			);
			dependencies = (
			);
			fileSystemSynchronizedGroups = (
				B30ADA012CA3AAF600B34FB1 /* SoraiOSSwiftUI */,
			);
			name = SoraiOSSwiftUI;
			packageProductDependencies = (
				B35E1B842CA3BFDA0013DCBC /* Sora */,
				B35E1B862CA3BFDA0013DCBC /* WebRTC */,
			);
			productName = SoraiOSSwiftUI;
			productReference = B30AD9FF2CA3AAF600B34FB1 /* SoraiOSSwiftUI.app */;
			productType = "com.apple.product-type.application";
		};
		B30ADA0E2CA3AAF700B34FB1 /* SoraiOSSwiftUITests */ = {
			isa = PBXNativeTarget;
			buildConfigurationList = B30ADA262CA3AAF700B34FB1 /* Build configuration list for PBXNativeTarget "SoraiOSSwiftUITests" */;
			buildPhases = (
				B30ADA0B2CA3AAF700B34FB1 /* Sources */,
				B30ADA0C2CA3AAF700B34FB1 /* Frameworks */,
				B30ADA0D2CA3AAF700B34FB1 /* Resources */,
			);
			buildRules = (
			);
			dependencies = (
				B30ADA112CA3AAF700B34FB1 /* PBXTargetDependency */,
			);
			fileSystemSynchronizedGroups = (
				B30ADA122CA3AAF700B34FB1 /* SoraiOSSwiftUITests */,
			);
			name = SoraiOSSwiftUITests;
			packageProductDependencies = (
			);
			productName = SoraiOSSwiftUITests;
			productReference = B30ADA0F2CA3AAF700B34FB1 /* SoraiOSSwiftUITests.xctest */;
			productType = "com.apple.product-type.bundle.unit-test";
		};
		B30ADA182CA3AAF700B34FB1 /* SoraiOSSwiftUIUITests */ = {
			isa = PBXNativeTarget;
			buildConfigurationList = B30ADA292CA3AAF700B34FB1 /* Build configuration list for PBXNativeTarget "SoraiOSSwiftUIUITests" */;
			buildPhases = (
				B30ADA152CA3AAF700B34FB1 /* Sources */,
				B30ADA162CA3AAF700B34FB1 /* Frameworks */,
				B30ADA172CA3AAF700B34FB1 /* Resources */,
			);
			buildRules = (
			);
			dependencies = (
				B30ADA1B2CA3AAF700B34FB1 /* PBXTargetDependency */,
			);
			fileSystemSynchronizedGroups = (
				B30ADA1C2CA3AAF700B34FB1 /* SoraiOSSwiftUIUITests */,
			);
			name = SoraiOSSwiftUIUITests;
			packageProductDependencies = (
			);
			productName = SoraiOSSwiftUIUITests;
			productReference = B30ADA192CA3AAF700B34FB1 /* SoraiOSSwiftUIUITests.xctest */;
			productType = "com.apple.product-type.bundle.ui-testing";
		};
/* End PBXNativeTarget section */

/* Begin PBXProject section */
		B30AD9F72CA3AAF600B34FB1 /* Project object */ = {
			isa = PBXProject;
			attributes = {
				BuildIndependentTargetsInParallel = 1;
				LastSwiftUpdateCheck = 1600;
				LastUpgradeCheck = 1600;
				TargetAttributes = {
					B30AD9FE2CA3AAF600B34FB1 = {
						CreatedOnToolsVersion = 16.0;
					};
					B30ADA0E2CA3AAF700B34FB1 = {
						CreatedOnToolsVersion = 16.0;
						TestTargetID = B30AD9FE2CA3AAF600B34FB1;
					};
					B30ADA182CA3AAF700B34FB1 = {
						CreatedOnToolsVersion = 16.0;
						TestTargetID = B30AD9FE2CA3AAF600B34FB1;
					};
				};
			};
			buildConfigurationList = B30AD9FA2CA3AAF600B34FB1 /* Build configuration list for PBXProject "SoraiOSSwiftUI" */;
			developmentRegion = en;
			hasScannedForEncodings = 0;
			knownRegions = (
				en,
				Base,
			);
			mainGroup = B30AD9F62CA3AAF600B34FB1;
			minimizedProjectReferenceProxies = 1;
			packageReferences = (
				B35E1B832CA3BF500013DCBC /* XCRemoteSwiftPackageReference "sora-ios-sdk" */,
			);
			preferredProjectObjectVersion = 77;
			productRefGroup = B30ADA002CA3AAF600B34FB1 /* Products */;
			projectDirPath = "";
			projectRoot = "";
			targets = (
				B30AD9FE2CA3AAF600B34FB1 /* SoraiOSSwiftUI */,
				B30ADA0E2CA3AAF700B34FB1 /* SoraiOSSwiftUITests */,
				B30ADA182CA3AAF700B34FB1 /* SoraiOSSwiftUIUITests */,
			);
		};
/* End PBXProject section */

/* Begin PBXResourcesBuildPhase section */
		B30AD9FD2CA3AAF600B34FB1 /* Resources */ = {
			isa = PBXResourcesBuildPhase;
			buildActionMask = 2147483647;
			files = (
			);
			runOnlyForDeploymentPostprocessing = 0;
		};
		B30ADA0D2CA3AAF700B34FB1 /* Resources */ = {
			isa = PBXResourcesBuildPhase;
			buildActionMask = 2147483647;
			files = (
			);
			runOnlyForDeploymentPostprocessing = 0;
		};
		B30ADA172CA3AAF700B34FB1 /* Resources */ = {
			isa = PBXResourcesBuildPhase;
			buildActionMask = 2147483647;
			files = (
			);
			runOnlyForDeploymentPostprocessing = 0;
		};
/* End PBXResourcesBuildPhase section */

/* Begin PBXSourcesBuildPhase section */
		B30AD9FB2CA3AAF600B34FB1 /* Sources */ = {
			isa = PBXSourcesBuildPhase;
			buildActionMask = 2147483647;
			files = (
			);
			runOnlyForDeploymentPostprocessing = 0;
		};
		B30ADA0B2CA3AAF700B34FB1 /* Sources */ = {
			isa = PBXSourcesBuildPhase;
			buildActionMask = 2147483647;
			files = (
			);
			runOnlyForDeploymentPostprocessing = 0;
		};
		B30ADA152CA3AAF700B34FB1 /* Sources */ = {
			isa = PBXSourcesBuildPhase;
			buildActionMask = 2147483647;
			files = (
			);
			runOnlyForDeploymentPostprocessing = 0;
		};
/* End PBXSourcesBuildPhase section */

/* Begin PBXTargetDependency section */
		B30ADA112CA3AAF700B34FB1 /* PBXTargetDependency */ = {
			isa = PBXTargetDependency;
			target = B30AD9FE2CA3AAF600B34FB1 /* SoraiOSSwiftUI */;
			targetProxy = B30ADA102CA3AAF700B34FB1 /* PBXContainerItemProxy */;
		};
		B30ADA1B2CA3AAF700B34FB1 /* PBXTargetDependency */ = {
			isa = PBXTargetDependency;
			target = B30AD9FE2CA3AAF600B34FB1 /* SoraiOSSwiftUI */;
			targetProxy = B30ADA1A2CA3AAF700B34FB1 /* PBXContainerItemProxy */;
		};
/* End PBXTargetDependency section */

/* Begin XCBuildConfiguration section */
		B30ADA212CA3AAF700B34FB1 /* Debug */ = {
			isa = XCBuildConfiguration;
			buildSettings = {
				ALWAYS_SEARCH_USER_PATHS = NO;
				ASSETCATALOG_COMPILER_GENERATE_SWIFT_ASSET_SYMBOL_EXTENSIONS = YES;
				CLANG_ANALYZER_NONNULL = YES;
				CLANG_ANALYZER_NUMBER_OBJECT_CONVERSION = YES_AGGRESSIVE;
				CLANG_CXX_LANGUAGE_STANDARD = "gnu++20";
				CLANG_ENABLE_MODULES = YES;
				CLANG_ENABLE_OBJC_ARC = YES;
				CLANG_ENABLE_OBJC_WEAK = YES;
				CLANG_WARN_BLOCK_CAPTURE_AUTORELEASING = YES;
				CLANG_WARN_BOOL_CONVERSION = YES;
				CLANG_WARN_COMMA = YES;
				CLANG_WARN_CONSTANT_CONVERSION = YES;
				CLANG_WARN_DEPRECATED_OBJC_IMPLEMENTATIONS = YES;
				CLANG_WARN_DIRECT_OBJC_ISA_USAGE = YES_ERROR;
				CLANG_WARN_DOCUMENTATION_COMMENTS = YES;
				CLANG_WARN_EMPTY_BODY = YES;
				CLANG_WARN_ENUM_CONVERSION = YES;
				CLANG_WARN_INFINITE_RECURSION = YES;
				CLANG_WARN_INT_CONVERSION = YES;
				CLANG_WARN_NON_LITERAL_NULL_CONVERSION = YES;
				CLANG_WARN_OBJC_IMPLICIT_RETAIN_SELF = YES;
				CLANG_WARN_OBJC_LITERAL_CONVERSION = YES;
				CLANG_WARN_OBJC_ROOT_CLASS = YES_ERROR;
				CLANG_WARN_QUOTED_INCLUDE_IN_FRAMEWORK_HEADER = YES;
				CLANG_WARN_RANGE_LOOP_ANALYSIS = YES;
				CLANG_WARN_STRICT_PROTOTYPES = YES;
				CLANG_WARN_SUSPICIOUS_MOVE = YES;
				CLANG_WARN_UNGUARDED_AVAILABILITY = YES_AGGRESSIVE;
				CLANG_WARN_UNREACHABLE_CODE = YES;
				CLANG_WARN__DUPLICATE_METHOD_MATCH = YES;
				COPY_PHASE_STRIP = NO;
				DEBUG_INFORMATION_FORMAT = dwarf;
				ENABLE_STRICT_OBJC_MSGSEND = YES;
				ENABLE_TESTABILITY = YES;
				ENABLE_USER_SCRIPT_SANDBOXING = YES;
				GCC_C_LANGUAGE_STANDARD = gnu17;
				GCC_DYNAMIC_NO_PIC = NO;
				GCC_NO_COMMON_BLOCKS = YES;
				GCC_OPTIMIZATION_LEVEL = 0;
				GCC_PREPROCESSOR_DEFINITIONS = (
					"DEBUG=1",
					"$(inherited)",
				);
				GCC_WARN_64_TO_32_BIT_CONVERSION = YES;
				GCC_WARN_ABOUT_RETURN_TYPE = YES_ERROR;
				GCC_WARN_UNDECLARED_SELECTOR = YES;
				GCC_WARN_UNINITIALIZED_AUTOS = YES_AGGRESSIVE;
				GCC_WARN_UNUSED_FUNCTION = YES;
				GCC_WARN_UNUSED_VARIABLE = YES;
				IPHONEOS_DEPLOYMENT_TARGET = 18.0;
				LOCALIZATION_PREFERS_STRING_CATALOGS = YES;
				MTL_ENABLE_DEBUG_INFO = INCLUDE_SOURCE;
				MTL_FAST_MATH = YES;
				ONLY_ACTIVE_ARCH = YES;
				SDKROOT = iphoneos;
				SWIFT_ACTIVE_COMPILATION_CONDITIONS = "DEBUG $(inherited)";
				SWIFT_OPTIMIZATION_LEVEL = "-Onone";
			};
			name = Debug;
		};
		B30ADA222CA3AAF700B34FB1 /* Release */ = {
			isa = XCBuildConfiguration;
			buildSettings = {
				ALWAYS_SEARCH_USER_PATHS = NO;
				ASSETCATALOG_COMPILER_GENERATE_SWIFT_ASSET_SYMBOL_EXTENSIONS = YES;
				CLANG_ANALYZER_NONNULL = YES;
				CLANG_ANALYZER_NUMBER_OBJECT_CONVERSION = YES_AGGRESSIVE;
				CLANG_CXX_LANGUAGE_STANDARD = "gnu++20";
				CLANG_ENABLE_MODULES = YES;
				CLANG_ENABLE_OBJC_ARC = YES;
				CLANG_ENABLE_OBJC_WEAK = YES;
				CLANG_WARN_BLOCK_CAPTURE_AUTORELEASING = YES;
				CLANG_WARN_BOOL_CONVERSION = YES;
				CLANG_WARN_COMMA = YES;
				CLANG_WARN_CONSTANT_CONVERSION = YES;
				CLANG_WARN_DEPRECATED_OBJC_IMPLEMENTATIONS = YES;
				CLANG_WARN_DIRECT_OBJC_ISA_USAGE = YES_ERROR;
				CLANG_WARN_DOCUMENTATION_COMMENTS = YES;
				CLANG_WARN_EMPTY_BODY = YES;
				CLANG_WARN_ENUM_CONVERSION = YES;
				CLANG_WARN_INFINITE_RECURSION = YES;
				CLANG_WARN_INT_CONVERSION = YES;
				CLANG_WARN_NON_LITERAL_NULL_CONVERSION = YES;
				CLANG_WARN_OBJC_IMPLICIT_RETAIN_SELF = YES;
				CLANG_WARN_OBJC_LITERAL_CONVERSION = YES;
				CLANG_WARN_OBJC_ROOT_CLASS = YES_ERROR;
				CLANG_WARN_QUOTED_INCLUDE_IN_FRAMEWORK_HEADER = YES;
				CLANG_WARN_RANGE_LOOP_ANALYSIS = YES;
				CLANG_WARN_STRICT_PROTOTYPES = YES;
				CLANG_WARN_SUSPICIOUS_MOVE = YES;
				CLANG_WARN_UNGUARDED_AVAILABILITY = YES_AGGRESSIVE;
				CLANG_WARN_UNREACHABLE_CODE = YES;
				CLANG_WARN__DUPLICATE_METHOD_MATCH = YES;
				COPY_PHASE_STRIP = NO;
				DEBUG_INFORMATION_FORMAT = "dwarf-with-dsym";
				ENABLE_NS_ASSERTIONS = NO;
				ENABLE_STRICT_OBJC_MSGSEND = YES;
				ENABLE_USER_SCRIPT_SANDBOXING = YES;
				GCC_C_LANGUAGE_STANDARD = gnu17;
				GCC_NO_COMMON_BLOCKS = YES;
				GCC_WARN_64_TO_32_BIT_CONVERSION = YES;
				GCC_WARN_ABOUT_RETURN_TYPE = YES_ERROR;
				GCC_WARN_UNDECLARED_SELECTOR = YES;
				GCC_WARN_UNINITIALIZED_AUTOS = YES_AGGRESSIVE;
				GCC_WARN_UNUSED_FUNCTION = YES;
				GCC_WARN_UNUSED_VARIABLE = YES;
				IPHONEOS_DEPLOYMENT_TARGET = 18.0;
				LOCALIZATION_PREFERS_STRING_CATALOGS = YES;
				MTL_ENABLE_DEBUG_INFO = NO;
				MTL_FAST_MATH = YES;
				SDKROOT = iphoneos;
				SWIFT_COMPILATION_MODE = wholemodule;
				VALIDATE_PRODUCT = YES;
			};
			name = Release;
		};
		B30ADA242CA3AAF700B34FB1 /* Debug */ = {
			isa = XCBuildConfiguration;
			buildSettings = {
				ASSETCATALOG_COMPILER_APPICON_NAME = AppIcon;
				ASSETCATALOG_COMPILER_GLOBAL_ACCENT_COLOR_NAME = AccentColor;
				CODE_SIGN_STYLE = Automatic;
				CURRENT_PROJECT_VERSION = 1;
				DEVELOPMENT_ASSET_PATHS = "\"SoraiOSSwiftUI/Preview Content\"";
				DEVELOPMENT_TEAM = D7MQUAK3LC;
				ENABLE_PREVIEWS = YES;
				GENERATE_INFOPLIST_FILE = YES;
				INFOPLIST_KEY_NSCameraUsageDescription = WebRTC;
				INFOPLIST_KEY_NSMicrophoneUsageDescription = WebRTC;
				INFOPLIST_KEY_UIApplicationSceneManifest_Generation = YES;
				INFOPLIST_KEY_UIApplicationSupportsIndirectInputEvents = YES;
				INFOPLIST_KEY_UILaunchScreen_Generation = YES;
				INFOPLIST_KEY_UISupportedInterfaceOrientations_iPad = "UIInterfaceOrientationPortrait UIInterfaceOrientationPortraitUpsideDown UIInterfaceOrientationLandscapeLeft UIInterfaceOrientationLandscapeRight";
				INFOPLIST_KEY_UISupportedInterfaceOrientations_iPhone = "UIInterfaceOrientationPortrait UIInterfaceOrientationLandscapeLeft UIInterfaceOrientationLandscapeRight";
				LD_RUNPATH_SEARCH_PATHS = (
					"$(inherited)",
					"@executable_path/Frameworks",
				);
				MARKETING_VERSION = 1.0;
				PRODUCT_BUNDLE_IDENTIFIER = jp.shiguredo.SoraiOSSwiftUI;
				PRODUCT_NAME = "$(TARGET_NAME)";
				SWIFT_EMIT_LOC_STRINGS = YES;
				SWIFT_VERSION = 5.0;
				TARGETED_DEVICE_FAMILY = "1,2";
			};
			name = Debug;
		};
		B30ADA252CA3AAF700B34FB1 /* Release */ = {
			isa = XCBuildConfiguration;
			buildSettings = {
				ASSETCATALOG_COMPILER_APPICON_NAME = AppIcon;
				ASSETCATALOG_COMPILER_GLOBAL_ACCENT_COLOR_NAME = AccentColor;
				CODE_SIGN_STYLE = Automatic;
				CURRENT_PROJECT_VERSION = 1;
				DEVELOPMENT_ASSET_PATHS = "\"SoraiOSSwiftUI/Preview Content\"";
				DEVELOPMENT_TEAM = D7MQUAK3LC;
				ENABLE_PREVIEWS = YES;
				GENERATE_INFOPLIST_FILE = YES;
				INFOPLIST_KEY_NSCameraUsageDescription = WebRTC;
				INFOPLIST_KEY_NSMicrophoneUsageDescription = WebRTC;
				INFOPLIST_KEY_UIApplicationSceneManifest_Generation = YES;
				INFOPLIST_KEY_UIApplicationSupportsIndirectInputEvents = YES;
				INFOPLIST_KEY_UILaunchScreen_Generation = YES;
				INFOPLIST_KEY_UISupportedInterfaceOrientations_iPad = "UIInterfaceOrientationPortrait UIInterfaceOrientationPortraitUpsideDown UIInterfaceOrientationLandscapeLeft UIInterfaceOrientationLandscapeRight";
				INFOPLIST_KEY_UISupportedInterfaceOrientations_iPhone = "UIInterfaceOrientationPortrait UIInterfaceOrientationLandscapeLeft UIInterfaceOrientationLandscapeRight";
				LD_RUNPATH_SEARCH_PATHS = (
					"$(inherited)",
					"@executable_path/Frameworks",
				);
				MARKETING_VERSION = 1.0;
				PRODUCT_BUNDLE_IDENTIFIER = jp.shiguredo.SoraiOSSwiftUI;
				PRODUCT_NAME = "$(TARGET_NAME)";
				SWIFT_EMIT_LOC_STRINGS = YES;
				SWIFT_VERSION = 5.0;
				TARGETED_DEVICE_FAMILY = "1,2";
			};
			name = Release;
		};
		B30ADA272CA3AAF700B34FB1 /* Debug */ = {
			isa = XCBuildConfiguration;
			buildSettings = {
				BUNDLE_LOADER = "$(TEST_HOST)";
				CODE_SIGN_STYLE = Automatic;
				CURRENT_PROJECT_VERSION = 1;
				DEVELOPMENT_TEAM = D7MQUAK3LC;
				GENERATE_INFOPLIST_FILE = YES;
				IPHONEOS_DEPLOYMENT_TARGET = 18.0;
				MARKETING_VERSION = 1.0;
				PRODUCT_BUNDLE_IDENTIFIER = info.tsurutatakumi.zztkm.SoraiOSSwiftUITests;
				PRODUCT_NAME = "$(TARGET_NAME)";
				SWIFT_EMIT_LOC_STRINGS = NO;
				SWIFT_VERSION = 5.0;
				TARGETED_DEVICE_FAMILY = "1,2";
				TEST_HOST = "$(BUILT_PRODUCTS_DIR)/SoraiOSSwiftUI.app/$(BUNDLE_EXECUTABLE_FOLDER_PATH)/SoraiOSSwiftUI";
			};
			name = Debug;
		};
		B30ADA282CA3AAF700B34FB1 /* Release */ = {
			isa = XCBuildConfiguration;
			buildSettings = {
				BUNDLE_LOADER = "$(TEST_HOST)";
				CODE_SIGN_STYLE = Automatic;
				CURRENT_PROJECT_VERSION = 1;
				DEVELOPMENT_TEAM = D7MQUAK3LC;
				GENERATE_INFOPLIST_FILE = YES;
				IPHONEOS_DEPLOYMENT_TARGET = 18.0;
				MARKETING_VERSION = 1.0;
				PRODUCT_BUNDLE_IDENTIFIER = info.tsurutatakumi.zztkm.SoraiOSSwiftUITests;
				PRODUCT_NAME = "$(TARGET_NAME)";
				SWIFT_EMIT_LOC_STRINGS = NO;
				SWIFT_VERSION = 5.0;
				TARGETED_DEVICE_FAMILY = "1,2";
				TEST_HOST = "$(BUILT_PRODUCTS_DIR)/SoraiOSSwiftUI.app/$(BUNDLE_EXECUTABLE_FOLDER_PATH)/SoraiOSSwiftUI";
			};
			name = Release;
		};
		B30ADA2A2CA3AAF700B34FB1 /* Debug */ = {
			isa = XCBuildConfiguration;
			buildSettings = {
				CODE_SIGN_STYLE = Automatic;
				CURRENT_PROJECT_VERSION = 1;
				DEVELOPMENT_TEAM = D7MQUAK3LC;
				GENERATE_INFOPLIST_FILE = YES;
				MARKETING_VERSION = 1.0;
				PRODUCT_BUNDLE_IDENTIFIER = info.tsurutatakumi.zztkm.SoraiOSSwiftUIUITests;
				PRODUCT_NAME = "$(TARGET_NAME)";
				SWIFT_EMIT_LOC_STRINGS = NO;
				SWIFT_VERSION = 5.0;
				TARGETED_DEVICE_FAMILY = "1,2";
				TEST_TARGET_NAME = SoraiOSSwiftUI;
			};
			name = Debug;
		};
		B30ADA2B2CA3AAF700B34FB1 /* Release */ = {
			isa = XCBuildConfiguration;
			buildSettings = {
				CODE_SIGN_STYLE = Automatic;
				CURRENT_PROJECT_VERSION = 1;
				DEVELOPMENT_TEAM = D7MQUAK3LC;
				GENERATE_INFOPLIST_FILE = YES;
				MARKETING_VERSION = 1.0;
				PRODUCT_BUNDLE_IDENTIFIER = info.tsurutatakumi.zztkm.SoraiOSSwiftUIUITests;
				PRODUCT_NAME = "$(TARGET_NAME)";
				SWIFT_EMIT_LOC_STRINGS = NO;
				SWIFT_VERSION = 5.0;
				TARGETED_DEVICE_FAMILY = "1,2";
				TEST_TARGET_NAME = SoraiOSSwiftUI;
			};
			name = Release;
		};
/* End XCBuildConfiguration section */

/* Begin XCConfigurationList section */
		B30AD9FA2CA3AAF600B34FB1 /* Build configuration list for PBXProject "SoraiOSSwiftUI" */ = {
			isa = XCConfigurationList;
			buildConfigurations = (
				B30ADA212CA3AAF700B34FB1 /* Debug */,
				B30ADA222CA3AAF700B34FB1 /* Release */,
			);
			defaultConfigurationIsVisible = 0;
			defaultConfigurationName = Release;
		};
		B30ADA232CA3AAF700B34FB1 /* Build configuration list for PBXNativeTarget "SoraiOSSwiftUI" */ = {
			isa = XCConfigurationList;
			buildConfigurations = (
				B30ADA242CA3AAF700B34FB1 /* Debug */,
				B30ADA252CA3AAF700B34FB1 /* Release */,
			);
			defaultConfigurationIsVisible = 0;
			defaultConfigurationName = Release;
		};
		B30ADA262CA3AAF700B34FB1 /* Build configuration list for PBXNativeTarget "SoraiOSSwiftUITests" */ = {
			isa = XCConfigurationList;
			buildConfigurations = (
				B30ADA272CA3AAF700B34FB1 /* Debug */,
				B30ADA282CA3AAF700B34FB1 /* Release */,
			);
			defaultConfigurationIsVisible = 0;
			defaultConfigurationName = Release;
		};
		B30ADA292CA3AAF700B34FB1 /* Build configuration list for PBXNativeTarget "SoraiOSSwiftUIUITests" */ = {
			isa = XCConfigurationList;
			buildConfigurations = (
				B30ADA2A2CA3AAF700B34FB1 /* Debug */,
				B30ADA2B2CA3AAF700B34FB1 /* Release */,
			);
			defaultConfigurationIsVisible = 0;
			defaultConfigurationName = Release;
		};
/* End XCConfigurationList section */

/* Begin XCRemoteSwiftPackageReference section */
		B35E1B832CA3BF500013DCBC /* XCRemoteSwiftPackageReference "sora-ios-sdk" */ = {
			isa = XCRemoteSwiftPackageReference;
			repositoryURL = "https://github.com/shiguredo/sora-ios-sdk";
			requirement = {
				branch = "feature/swiftui-view";
				kind = branch;
			};
		};
/* End XCRemoteSwiftPackageReference section */

/* Begin XCSwiftPackageProductDependency section */
		B35E1B842CA3BFDA0013DCBC /* Sora */ = {
			isa = XCSwiftPackageProductDependency;
			package = B35E1B832CA3BF500013DCBC /* XCRemoteSwiftPackageReference "sora-ios-sdk" */;
			productName = Sora;
		};
		B35E1B862CA3BFDA0013DCBC /* WebRTC */ = {
			isa = XCSwiftPackageProductDependency;
			package = B35E1B832CA3BF500013DCBC /* XCRemoteSwiftPackageReference "sora-ios-sdk" */;
			productName = WebRTC;
		};
/* End XCSwiftPackageProductDependency section */
	};
	rootObject = B30AD9F72CA3AAF600B34FB1 /* Project object */;
}
